// !$*UTF8*$!
{
	archiveVersion = 1;
	classes = {
	};
	objectVersion = 55;
	objects = {

/* Begin PBXAggregateTarget section */
		9F831523286FC83500B6FCDF /* metal-cpp-projects */ = {
			isa = PBXAggregateTarget;
			buildConfigurationList = 9F831524286FC83500B6FCDF /* Build configuration list for PBXAggregateTarget "metal-cpp-projects" */;
			buildPhases = (
			);
			dependencies = (
				9F831528286FE9BE00B6FCDF /* PBXTargetDependency */,
			);
			name = "metal-cpp-projects";
			productName = "metal-cpp-projects";
		};
/* End PBXAggregateTarget section */

/* Begin PBXBuildFile section */
		9F12D12628720D1F006306F6 /* Shaders.metal in Sources */ = {isa = PBXBuildFile; fileRef = 9F12D12528720D1F006306F6 /* Shaders.metal */; };
		9F12D12F287229F3006306F6 /* AppDelegate.m in Sources */ = {isa = PBXBuildFile; fileRef = 9F12D12E287229F3006306F6 /* AppDelegate.m */; };
		9F12D132287229F3006306F6 /* SceneDelegate.m in Sources */ = {isa = PBXBuildFile; fileRef = 9F12D131287229F3006306F6 /* SceneDelegate.m */; };
		9F12D135287229F3006306F6 /* ViewController.m in Sources */ = {isa = PBXBuildFile; fileRef = 9F12D134287229F3006306F6 /* ViewController.m */; };
		9F12D138287229F3006306F6 /* Main.storyboard in Resources */ = {isa = PBXBuildFile; fileRef = 9F12D136287229F3006306F6 /* Main.storyboard */; };
		9F12D13A287229F4006306F6 /* Assets.xcassets in Resources */ = {isa = PBXBuildFile; fileRef = 9F12D139287229F4006306F6 /* Assets.xcassets */; };
		9F12D13D287229F4006306F6 /* LaunchScreen.storyboard in Resources */ = {isa = PBXBuildFile; fileRef = 9F12D13B287229F4006306F6 /* LaunchScreen.storyboard */; };
		9F12D140287229F4006306F6 /* main.m in Sources */ = {isa = PBXBuildFile; fileRef = 9F12D13F287229F4006306F6 /* main.m */; };
		9F12D14428722A5A006306F6 /* Foundation.framework in Frameworks */ = {isa = PBXBuildFile; fileRef = 9FAB821328720AF9006D21B2 /* Foundation.framework */; };
		9F12D14528722A60006306F6 /* Metal.framework in Frameworks */ = {isa = PBXBuildFile; fileRef = 9FAB821528720AFF006D21B2 /* Metal.framework */; };
		9F12D14628722A65006306F6 /* QuartzCore.framework in Frameworks */ = {isa = PBXBuildFile; fileRef = 9FAB821728720B03006D21B2 /* QuartzCore.framework */; };
		9F12D14928722AB7006306F6 /* Renderer.cpp in Sources */ = {isa = PBXBuildFile; fileRef = 9F12D14728722AB7006306F6 /* Renderer.cpp */; };
		9F12D14B28722ABE006306F6 /* VertexDescriptor.cpp in Sources */ = {isa = PBXBuildFile; fileRef = 9F831542287142DC00B6FCDF /* VertexDescriptor.cpp */; };
		9F12D14D28722AFD006306F6 /* Shaders.metal in Sources */ = {isa = PBXBuildFile; fileRef = 9F12D14C28722AFD006306F6 /* Shaders.metal */; };
		9F12D1542872472C006306F6 /* Math.cpp in Sources */ = {isa = PBXBuildFile; fileRef = 9F12D1522872472C006306F6 /* Math.cpp */; };
		9F12D158287259A8006306F6 /* Uniforms.cpp in Sources */ = {isa = PBXBuildFile; fileRef = 9F12D157287257C8006306F6 /* Uniforms.cpp */; };
		9F12D1BB287A2C1E006306F6 /* Transformable.cpp in Sources */ = {isa = PBXBuildFile; fileRef = 9F12D1B9287A2C1E006306F6 /* Transformable.cpp */; };
		9F12D1C0287A8031006306F6 /* Math.cpp in Sources */ = {isa = PBXBuildFile; fileRef = 9F12D1522872472C006306F6 /* Math.cpp */; };
		9F12D1C1287A8035006306F6 /* Uniforms.cpp in Sources */ = {isa = PBXBuildFile; fileRef = 9F12D157287257C8006306F6 /* Uniforms.cpp */; };
		9F12D1C2287A8041006306F6 /* Uniforms.cpp in Sources */ = {isa = PBXBuildFile; fileRef = 9F12D157287257C8006306F6 /* Uniforms.cpp */; };
		9F12D1C3287A8044006306F6 /* Math.cpp in Sources */ = {isa = PBXBuildFile; fileRef = 9F12D1522872472C006306F6 /* Math.cpp */; };
		9F12D1CD287B4693006306F6 /* AppDelegate.m in Sources */ = {isa = PBXBuildFile; fileRef = 9F12D1CC287B4693006306F6 /* AppDelegate.m */; };
		9F12D1D0287B4693006306F6 /* SceneDelegate.m in Sources */ = {isa = PBXBuildFile; fileRef = 9F12D1CF287B4693006306F6 /* SceneDelegate.m */; };
		9F12D1D3287B4693006306F6 /* ViewController.m in Sources */ = {isa = PBXBuildFile; fileRef = 9F12D1D2287B4693006306F6 /* ViewController.m */; };
		9F12D1D6287B4693006306F6 /* Main.storyboard in Resources */ = {isa = PBXBuildFile; fileRef = 9F12D1D4287B4693006306F6 /* Main.storyboard */; };
		9F12D1D8287B4694006306F6 /* Assets.xcassets in Resources */ = {isa = PBXBuildFile; fileRef = 9F12D1D7287B4694006306F6 /* Assets.xcassets */; };
		9F12D1DB287B4694006306F6 /* LaunchScreen.storyboard in Resources */ = {isa = PBXBuildFile; fileRef = 9F12D1D9287B4694006306F6 /* LaunchScreen.storyboard */; };
		9F12D1DE287B4694006306F6 /* main.m in Sources */ = {isa = PBXBuildFile; fileRef = 9F12D1DD287B4694006306F6 /* main.m */; };
		9F12D1E2287B4736006306F6 /* RendererDelegateAdapter.mm in Sources */ = {isa = PBXBuildFile; fileRef = 9F831530286FEC4200B6FCDF /* RendererDelegateAdapter.mm */; };
		9F12D1E3287B473A006306F6 /* VertexDescriptor.cpp in Sources */ = {isa = PBXBuildFile; fileRef = 9F831542287142DC00B6FCDF /* VertexDescriptor.cpp */; };
		9F12D1E4287B473F006306F6 /* Uniforms.cpp in Sources */ = {isa = PBXBuildFile; fileRef = 9F12D157287257C8006306F6 /* Uniforms.cpp */; };
		9F12D1E5287B473F006306F6 /* Math.cpp in Sources */ = {isa = PBXBuildFile; fileRef = 9F12D1522872472C006306F6 /* Math.cpp */; };
		9F12D1E6287B473F006306F6 /* Transformable.cpp in Sources */ = {isa = PBXBuildFile; fileRef = 9F12D1B9287A2C1E006306F6 /* Transformable.cpp */; };
		9F12D1E7287B47B1006306F6 /* Foundation.framework in Frameworks */ = {isa = PBXBuildFile; fileRef = 9FAB821328720AF9006D21B2 /* Foundation.framework */; };
		9F12D1E8287B47B7006306F6 /* Metal.framework in Frameworks */ = {isa = PBXBuildFile; fileRef = 9FAB821528720AFF006D21B2 /* Metal.framework */; };
		9F12D1E9287B47BB006306F6 /* QuartzCore.framework in Frameworks */ = {isa = PBXBuildFile; fileRef = 9FAB821728720B03006D21B2 /* QuartzCore.framework */; };
		9F12D1EC287B481A006306F6 /* Renderer.cpp in Sources */ = {isa = PBXBuildFile; fileRef = 9F12D1EA287B4819006306F6 /* Renderer.cpp */; };
		9F12D1EE287B48A6006306F6 /* Shaders.metal in Sources */ = {isa = PBXBuildFile; fileRef = 9F12D1ED287B48A6006306F6 /* Shaders.metal */; };
		9F12D1F8287B6975006306F6 /* Model.cpp in Sources */ = {isa = PBXBuildFile; fileRef = 9F12D1F6287B6975006306F6 /* Model.cpp */; };
		9F12D1FA287B6F41006306F6 /* ObjModelImporter.hpp in Sources */ = {isa = PBXBuildFile; fileRef = 9F12D1F9287B6F41006306F6 /* ObjModelImporter.hpp */; };
		9F12D206287BC9B9006306F6 /* train.obj in Resources */ = {isa = PBXBuildFile; fileRef = 9F12D1FC287B8AFB006306F6 /* train.obj */; };
		9F12D208287BCA93006306F6 /* ObjModelImporter.cpp in Sources */ = {isa = PBXBuildFile; fileRef = 9F12D207287BCA93006306F6 /* ObjModelImporter.cpp */; };
		9F3F67832885D8370057DE5F /* one_cube_quad_faces.mtl in Resources */ = {isa = PBXBuildFile; fileRef = 9F3F67812885D8370057DE5F /* one_cube_quad_faces.mtl */; };
		9F3F67842885D8370057DE5F /* one_cube_quad_faces.obj in Resources */ = {isa = PBXBuildFile; fileRef = 9F3F67822885D8370057DE5F /* one_cube_quad_faces.obj */; };
		9F3F67A8288DDBD60057DE5F /* AppDelegate.m in Sources */ = {isa = PBXBuildFile; fileRef = 9F3F67A7288DDBD60057DE5F /* AppDelegate.m */; };
		9F3F67AB288DDBD60057DE5F /* SceneDelegate.m in Sources */ = {isa = PBXBuildFile; fileRef = 9F3F67AA288DDBD60057DE5F /* SceneDelegate.m */; };
		9F3F67AE288DDBD60057DE5F /* ViewController.m in Sources */ = {isa = PBXBuildFile; fileRef = 9F3F67AD288DDBD60057DE5F /* ViewController.m */; };
		9F3F67B1288DDBD60057DE5F /* Main.storyboard in Resources */ = {isa = PBXBuildFile; fileRef = 9F3F67AF288DDBD60057DE5F /* Main.storyboard */; };
		9F3F67B3288DDBD70057DE5F /* Assets.xcassets in Resources */ = {isa = PBXBuildFile; fileRef = 9F3F67B2288DDBD70057DE5F /* Assets.xcassets */; };
		9F3F67B6288DDBD70057DE5F /* LaunchScreen.storyboard in Resources */ = {isa = PBXBuildFile; fileRef = 9F3F67B4288DDBD70057DE5F /* LaunchScreen.storyboard */; };
		9F3F67B9288DDBD70057DE5F /* main.m in Sources */ = {isa = PBXBuildFile; fileRef = 9F3F67B8288DDBD70057DE5F /* main.m */; };
		9F3F67BD288DDC310057DE5F /* Metal.framework in Frameworks */ = {isa = PBXBuildFile; fileRef = 9FAB821528720AFF006D21B2 /* Metal.framework */; };
		9F3F67BE288DDC390057DE5F /* Foundation.framework in Frameworks */ = {isa = PBXBuildFile; fileRef = 9FAB821328720AF9006D21B2 /* Foundation.framework */; };
		9F3F67BF288DDC410057DE5F /* QuartzCore.framework in Frameworks */ = {isa = PBXBuildFile; fileRef = 9FAB821728720B03006D21B2 /* QuartzCore.framework */; };
		9F3F67C0288DDC570057DE5F /* RendererDelegateAdapter.mm in Sources */ = {isa = PBXBuildFile; fileRef = 9F831530286FEC4200B6FCDF /* RendererDelegateAdapter.mm */; };
		9F3F67C1288DDC6D0057DE5F /* Uniforms.cpp in Sources */ = {isa = PBXBuildFile; fileRef = 9F12D157287257C8006306F6 /* Uniforms.cpp */; };
		9F3F67C2288DDC6D0057DE5F /* VertexDescriptor.cpp in Sources */ = {isa = PBXBuildFile; fileRef = 9F831542287142DC00B6FCDF /* VertexDescriptor.cpp */; };
		9F3F67C3288DDC6D0057DE5F /* Math.cpp in Sources */ = {isa = PBXBuildFile; fileRef = 9F12D1522872472C006306F6 /* Math.cpp */; };
		9F3F67C4288DDC6D0057DE5F /* ObjModelImporter.cpp in Sources */ = {isa = PBXBuildFile; fileRef = 9F12D207287BCA93006306F6 /* ObjModelImporter.cpp */; };
		9F3F67C5288DDC6D0057DE5F /* Transformable.cpp in Sources */ = {isa = PBXBuildFile; fileRef = 9F12D1B9287A2C1E006306F6 /* Transformable.cpp */; };
		9F3F67C6288DDC6D0057DE5F /* Model.cpp in Sources */ = {isa = PBXBuildFile; fileRef = 9F12D1F6287B6975006306F6 /* Model.cpp */; };
		9F3F67CB288DE2A30057DE5F /* Camera.cpp in Sources */ = {isa = PBXBuildFile; fileRef = 9F3F67CA288DE2A30057DE5F /* Camera.cpp */; };
		9F3F67CE288DE3290057DE5F /* GameScene.cpp in Sources */ = {isa = PBXBuildFile; fileRef = 9F3F67CC288DE3290057DE5F /* GameScene.cpp */; };
		9F3F67D3288E05480057DE5F /* IsometricCamera.cpp in Sources */ = {isa = PBXBuildFile; fileRef = 9F3F67D2288E05480057DE5F /* IsometricCamera.cpp */; };
		9F3F67D9288E2FD90057DE5F /* Renderer.cpp in Sources */ = {isa = PBXBuildFile; fileRef = 9F3F67D7288E2FD90057DE5F /* Renderer.cpp */; };
		9F3F67DB288E308F0057DE5F /* Shaders.metal in Sources */ = {isa = PBXBuildFile; fileRef = 9F3F67DA288E308F0057DE5F /* Shaders.metal */; };
		9F45C19428825D8D00592FD6 /* one_cube.mtl in Resources */ = {isa = PBXBuildFile; fileRef = 9F45C19228825D8D00592FD6 /* one_cube.mtl */; };
		9F45C19528825D8D00592FD6 /* one_cube.obj in Resources */ = {isa = PBXBuildFile; fileRef = 9F45C19328825D8D00592FD6 /* one_cube.obj */; };
		9F4D58122895AD5400FF18D4 /* InputControllerAdapter.mm in Sources */ = {isa = PBXBuildFile; fileRef = 9F4D58112895AD5400FF18D4 /* InputControllerAdapter.mm */; };
		9F4D58152895AFB200FF18D4 /* Movement.cpp in Sources */ = {isa = PBXBuildFile; fileRef = 9F4D58142895AFB200FF18D4 /* Movement.cpp */; };
		9F831538286FEEDA00B6FCDF /* Renderer.cpp in Sources */ = {isa = PBXBuildFile; fileRef = 9F831536286FEEDA00B6FCDF /* Renderer.cpp */; };
		9F8315412870FC3400B6FCDF /* Shaders.metal in Sources */ = {isa = PBXBuildFile; fileRef = 9F8315402870FC3400B6FCDF /* Shaders.metal */; };
		9F831544287142DC00B6FCDF /* VertexDescriptor.cpp in Sources */ = {isa = PBXBuildFile; fileRef = 9F831542287142DC00B6FCDF /* VertexDescriptor.cpp */; };
		9F83154D287208A400B6FCDF /* AppDelegate.m in Sources */ = {isa = PBXBuildFile; fileRef = 9F83154C287208A400B6FCDF /* AppDelegate.m */; };
		9F831550287208A400B6FCDF /* SceneDelegate.m in Sources */ = {isa = PBXBuildFile; fileRef = 9F83154F287208A400B6FCDF /* SceneDelegate.m */; };
		9F831553287208A400B6FCDF /* ViewController.m in Sources */ = {isa = PBXBuildFile; fileRef = 9F831552287208A400B6FCDF /* ViewController.m */; };
		9F831556287208A400B6FCDF /* Main.storyboard in Resources */ = {isa = PBXBuildFile; fileRef = 9F831554287208A400B6FCDF /* Main.storyboard */; };
		9F831558287208A500B6FCDF /* Assets.xcassets in Resources */ = {isa = PBXBuildFile; fileRef = 9F831557287208A500B6FCDF /* Assets.xcassets */; };
		9F83155B287208A500B6FCDF /* LaunchScreen.storyboard in Resources */ = {isa = PBXBuildFile; fileRef = 9F831559287208A500B6FCDF /* LaunchScreen.storyboard */; };
		9F83155E287208A500B6FCDF /* main.m in Sources */ = {isa = PBXBuildFile; fileRef = 9F83155D287208A500B6FCDF /* main.m */; };
		9FA003FC28814B510053D16A /* RendererDelegateAdapter.mm in Sources */ = {isa = PBXBuildFile; fileRef = 9F831530286FEC4200B6FCDF /* RendererDelegateAdapter.mm */; };
		9FA003FD28814B520053D16A /* RendererDelegateAdapter.mm in Sources */ = {isa = PBXBuildFile; fileRef = 9F831530286FEC4200B6FCDF /* RendererDelegateAdapter.mm */; };
		9FA003FE28814B530053D16A /* RendererDelegateAdapter.mm in Sources */ = {isa = PBXBuildFile; fileRef = 9F831530286FEC4200B6FCDF /* RendererDelegateAdapter.mm */; };
		9FAB821428720AF9006D21B2 /* Foundation.framework in Frameworks */ = {isa = PBXBuildFile; fileRef = 9FAB821328720AF9006D21B2 /* Foundation.framework */; };
		9FAB821628720AFF006D21B2 /* Metal.framework in Frameworks */ = {isa = PBXBuildFile; fileRef = 9FAB821528720AFF006D21B2 /* Metal.framework */; };
		9FAB821828720B03006D21B2 /* QuartzCore.framework in Frameworks */ = {isa = PBXBuildFile; fileRef = 9FAB821728720B03006D21B2 /* QuartzCore.framework */; };
		9FAB821B28720B20006D21B2 /* Renderer.cpp in Sources */ = {isa = PBXBuildFile; fileRef = 9FAB821928720B20006D21B2 /* Renderer.cpp */; };
		9FAB821D28720BF5006D21B2 /* VertexDescriptor.cpp in Sources */ = {isa = PBXBuildFile; fileRef = 9F831542287142DC00B6FCDF /* VertexDescriptor.cpp */; };
		9FABA033286FBF1000B5630A /* AppDelegate.m in Sources */ = {isa = PBXBuildFile; fileRef = 9FABA032286FBF1000B5630A /* AppDelegate.m */; };
		9FABA036286FBF1000B5630A /* ViewController.m in Sources */ = {isa = PBXBuildFile; fileRef = 9FABA035286FBF1000B5630A /* ViewController.m */; };
		9FABA038286FBF1400B5630A /* Assets.xcassets in Resources */ = {isa = PBXBuildFile; fileRef = 9FABA037286FBF1400B5630A /* Assets.xcassets */; };
		9FABA03B286FBF1400B5630A /* Main.storyboard in Resources */ = {isa = PBXBuildFile; fileRef = 9FABA039286FBF1400B5630A /* Main.storyboard */; };
		9FABA03D286FBF1400B5630A /* main.m in Sources */ = {isa = PBXBuildFile; fileRef = 9FABA03C286FBF1400B5630A /* main.m */; };
		9FB1A3CE289743CA006E27A9 /* BMPImporter.cpp in Sources */ = {isa = PBXBuildFile; fileRef = 9FB1A3CC289743CA006E27A9 /* BMPImporter.cpp */; };
		9FB1A3D2289B7A42006E27A9 /* TextureController.cpp in Sources */ = {isa = PBXBuildFile; fileRef = 9FB1A3D0289B7A42006E27A9 /* TextureController.cpp */; };
		9FB1A3D7289C49FD006E27A9 /* tiletexture.bmp in Resources */ = {isa = PBXBuildFile; fileRef = 9FB1A3D6289C49D8006E27A9 /* tiletexture.bmp */; };
		9FB1A3D9289CE20F006E27A9 /* tile-adjusted-uv.obj in Resources */ = {isa = PBXBuildFile; fileRef = 9FB1A3D8289CE1F8006E27A9 /* tile-adjusted-uv.obj */; };
		9FB1A3DB289D9856006E27A9 /* tile-adjusted-uv-2.obj in Resources */ = {isa = PBXBuildFile; fileRef = 9FB1A3DA289D9842006E27A9 /* tile-adjusted-uv-2.obj */; };
		9FD2BB34288E3C9800D3E983 /* train.mtl in Resources */ = {isa = PBXBuildFile; fileRef = 9F3F67D6288E29310057DE5F /* train.mtl */; };
		9FD2BB35288E3C9800D3E983 /* train.obj in Resources */ = {isa = PBXBuildFile; fileRef = 9F3F67D5288E29310057DE5F /* train.obj */; };
		9FD2BB392890E7C200D3E983 /* grid.obj in Resources */ = {isa = PBXBuildFile; fileRef = 9FD2BB382890E7B700D3E983 /* grid.obj */; };
		9FD2BB3B2890F18100D3E983 /* TouchableMTKView.m in Sources */ = {isa = PBXBuildFile; fileRef = 9FD2BB3A2890F18100D3E983 /* TouchableMTKView.m */; };
		9FD2BB3F28936ACC00D3E983 /* tile.obj in Resources */ = {isa = PBXBuildFile; fileRef = 9FD2BB3E28936AAE00D3E983 /* tile.obj */; };
/* End PBXBuildFile section */

/* Begin PBXContainerItemProxy section */
		9F831527286FE9BE00B6FCDF /* PBXContainerItemProxy */ = {
			isa = PBXContainerItemProxy;
			containerPortal = 9FABA00B286C064300B5630A /* Project object */;
			proxyType = 1;
			remoteGlobalIDString = 9FABA02E286FBF1000B5630A;
			remoteInfo = "triangle-with-animation";
		};
/* End PBXContainerItemProxy section */

/* Begin PBXFileReference section */
		9F12D12528720D1F006306F6 /* Shaders.metal */ = {isa = PBXFileReference; lastKnownFileType = sourcecode.metal; path = Shaders.metal; sourceTree = "<group>"; };
		9F12D12B287229F3006306F6 /* cameras.app */ = {isa = PBXFileReference; explicitFileType = wrapper.application; includeInIndex = 0; path = cameras.app; sourceTree = BUILT_PRODUCTS_DIR; };
		9F12D12D287229F3006306F6 /* AppDelegate.h */ = {isa = PBXFileReference; lastKnownFileType = sourcecode.c.h; path = AppDelegate.h; sourceTree = "<group>"; };
		9F12D12E287229F3006306F6 /* AppDelegate.m */ = {isa = PBXFileReference; lastKnownFileType = sourcecode.c.objc; path = AppDelegate.m; sourceTree = "<group>"; };
		9F12D130287229F3006306F6 /* SceneDelegate.h */ = {isa = PBXFileReference; lastKnownFileType = sourcecode.c.h; path = SceneDelegate.h; sourceTree = "<group>"; };
		9F12D131287229F3006306F6 /* SceneDelegate.m */ = {isa = PBXFileReference; lastKnownFileType = sourcecode.c.objc; path = SceneDelegate.m; sourceTree = "<group>"; };
		9F12D133287229F3006306F6 /* ViewController.h */ = {isa = PBXFileReference; lastKnownFileType = sourcecode.c.h; path = ViewController.h; sourceTree = "<group>"; };
		9F12D134287229F3006306F6 /* ViewController.m */ = {isa = PBXFileReference; lastKnownFileType = sourcecode.c.objc; path = ViewController.m; sourceTree = "<group>"; };
		9F12D137287229F3006306F6 /* Base */ = {isa = PBXFileReference; lastKnownFileType = file.storyboard; name = Base; path = Base.lproj/Main.storyboard; sourceTree = "<group>"; };
		9F12D139287229F4006306F6 /* Assets.xcassets */ = {isa = PBXFileReference; lastKnownFileType = folder.assetcatalog; path = Assets.xcassets; sourceTree = "<group>"; };
		9F12D13C287229F4006306F6 /* Base */ = {isa = PBXFileReference; lastKnownFileType = file.storyboard; name = Base; path = Base.lproj/LaunchScreen.storyboard; sourceTree = "<group>"; };
		9F12D13E287229F4006306F6 /* Info.plist */ = {isa = PBXFileReference; lastKnownFileType = text.plist.xml; path = Info.plist; sourceTree = "<group>"; };
		9F12D13F287229F4006306F6 /* main.m */ = {isa = PBXFileReference; lastKnownFileType = sourcecode.c.objc; path = main.m; sourceTree = "<group>"; };
		9F12D14728722AB7006306F6 /* Renderer.cpp */ = {isa = PBXFileReference; lastKnownFileType = sourcecode.cpp.cpp; path = Renderer.cpp; sourceTree = "<group>"; };
		9F12D14828722AB7006306F6 /* Renderer.hpp */ = {isa = PBXFileReference; lastKnownFileType = sourcecode.cpp.h; path = Renderer.hpp; sourceTree = "<group>"; };
		9F12D14C28722AFD006306F6 /* Shaders.metal */ = {isa = PBXFileReference; lastKnownFileType = sourcecode.metal; path = Shaders.metal; sourceTree = "<group>"; };
		9F12D1502872447F006306F6 /* Uniforms.hpp */ = {isa = PBXFileReference; lastKnownFileType = sourcecode.cpp.h; path = Uniforms.hpp; sourceTree = "<group>"; };
		9F12D1522872472C006306F6 /* Math.cpp */ = {isa = PBXFileReference; lastKnownFileType = sourcecode.cpp.cpp; path = Math.cpp; sourceTree = "<group>"; };
		9F12D1532872472C006306F6 /* Math.hpp */ = {isa = PBXFileReference; lastKnownFileType = sourcecode.cpp.h; path = Math.hpp; sourceTree = "<group>"; };
		9F12D157287257C8006306F6 /* Uniforms.cpp */ = {isa = PBXFileReference; lastKnownFileType = sourcecode.cpp.cpp; path = Uniforms.cpp; sourceTree = "<group>"; };
		9F12D1B9287A2C1E006306F6 /* Transformable.cpp */ = {isa = PBXFileReference; lastKnownFileType = sourcecode.cpp.cpp; path = Transformable.cpp; sourceTree = "<group>"; };
		9F12D1BA287A2C1E006306F6 /* Transformable.hpp */ = {isa = PBXFileReference; lastKnownFileType = sourcecode.cpp.h; path = Transformable.hpp; sourceTree = "<group>"; };
		9F12D1BF287A7681006306F6 /* Model.hpp */ = {isa = PBXFileReference; lastKnownFileType = sourcecode.cpp.h; path = Model.hpp; sourceTree = "<group>"; };
		9F12D1C9287B4693006306F6 /* fragments.app */ = {isa = PBXFileReference; explicitFileType = wrapper.application; includeInIndex = 0; path = fragments.app; sourceTree = BUILT_PRODUCTS_DIR; };
		9F12D1CB287B4693006306F6 /* AppDelegate.h */ = {isa = PBXFileReference; lastKnownFileType = sourcecode.c.h; path = AppDelegate.h; sourceTree = "<group>"; };
		9F12D1CC287B4693006306F6 /* AppDelegate.m */ = {isa = PBXFileReference; lastKnownFileType = sourcecode.c.objc; path = AppDelegate.m; sourceTree = "<group>"; };
		9F12D1CE287B4693006306F6 /* SceneDelegate.h */ = {isa = PBXFileReference; lastKnownFileType = sourcecode.c.h; path = SceneDelegate.h; sourceTree = "<group>"; };
		9F12D1CF287B4693006306F6 /* SceneDelegate.m */ = {isa = PBXFileReference; lastKnownFileType = sourcecode.c.objc; path = SceneDelegate.m; sourceTree = "<group>"; };
		9F12D1D1287B4693006306F6 /* ViewController.h */ = {isa = PBXFileReference; lastKnownFileType = sourcecode.c.h; path = ViewController.h; sourceTree = "<group>"; };
		9F12D1D2287B4693006306F6 /* ViewController.m */ = {isa = PBXFileReference; lastKnownFileType = sourcecode.c.objc; path = ViewController.m; sourceTree = "<group>"; };
		9F12D1D5287B4693006306F6 /* Base */ = {isa = PBXFileReference; lastKnownFileType = file.storyboard; name = Base; path = Base.lproj/Main.storyboard; sourceTree = "<group>"; };
		9F12D1D7287B4694006306F6 /* Assets.xcassets */ = {isa = PBXFileReference; lastKnownFileType = folder.assetcatalog; path = Assets.xcassets; sourceTree = "<group>"; };
		9F12D1DA287B4694006306F6 /* Base */ = {isa = PBXFileReference; lastKnownFileType = file.storyboard; name = Base; path = Base.lproj/LaunchScreen.storyboard; sourceTree = "<group>"; };
		9F12D1DC287B4694006306F6 /* Info.plist */ = {isa = PBXFileReference; lastKnownFileType = text.plist.xml; path = Info.plist; sourceTree = "<group>"; };
		9F12D1DD287B4694006306F6 /* main.m */ = {isa = PBXFileReference; lastKnownFileType = sourcecode.c.objc; path = main.m; sourceTree = "<group>"; };
		9F12D1EA287B4819006306F6 /* Renderer.cpp */ = {isa = PBXFileReference; lastKnownFileType = sourcecode.cpp.cpp; path = Renderer.cpp; sourceTree = "<group>"; };
		9F12D1EB287B4819006306F6 /* Renderer.hpp */ = {isa = PBXFileReference; lastKnownFileType = sourcecode.cpp.h; path = Renderer.hpp; sourceTree = "<group>"; };
		9F12D1ED287B48A6006306F6 /* Shaders.metal */ = {isa = PBXFileReference; lastKnownFileType = sourcecode.metal; path = Shaders.metal; sourceTree = "<group>"; };
		9F12D1F1287B677D006306F6 /* ModelImporter.hpp */ = {isa = PBXFileReference; lastKnownFileType = sourcecode.cpp.h; path = ModelImporter.hpp; sourceTree = "<group>"; };
		9F12D1F6287B6975006306F6 /* Model.cpp */ = {isa = PBXFileReference; lastKnownFileType = sourcecode.cpp.cpp; path = Model.cpp; sourceTree = "<group>"; };
		9F12D1F7287B6975006306F6 /* Model.hpp */ = {isa = PBXFileReference; lastKnownFileType = sourcecode.cpp.h; path = Model.hpp; sourceTree = "<group>"; };
		9F12D1F9287B6F41006306F6 /* ObjModelImporter.hpp */ = {isa = PBXFileReference; lastKnownFileType = sourcecode.cpp.h; path = ObjModelImporter.hpp; sourceTree = "<group>"; };
		9F12D1FB287B8AFB006306F6 /* train.mtl */ = {isa = PBXFileReference; fileEncoding = 4; lastKnownFileType = text; path = train.mtl; sourceTree = "<group>"; };
		9F12D1FC287B8AFB006306F6 /* train.obj */ = {isa = PBXFileReference; fileEncoding = 4; lastKnownFileType = text; path = train.obj; sourceTree = "<group>"; };
		9F12D201287B9086006306F6 /* test.txt */ = {isa = PBXFileReference; fileEncoding = 4; lastKnownFileType = text; path = test.txt; sourceTree = "<group>"; };
		9F12D207287BCA93006306F6 /* ObjModelImporter.cpp */ = {isa = PBXFileReference; lastKnownFileType = sourcecode.cpp.cpp; path = ObjModelImporter.cpp; sourceTree = "<group>"; };
		9F3F67812885D8370057DE5F /* one_cube_quad_faces.mtl */ = {isa = PBXFileReference; fileEncoding = 4; lastKnownFileType = text; path = one_cube_quad_faces.mtl; sourceTree = "<group>"; };
		9F3F67822885D8370057DE5F /* one_cube_quad_faces.obj */ = {isa = PBXFileReference; fileEncoding = 4; lastKnownFileType = text; path = one_cube_quad_faces.obj; sourceTree = "<group>"; };
		9F3F67A4288DDBD60057DE5F /* moving-isometric-camera.app */ = {isa = PBXFileReference; explicitFileType = wrapper.application; includeInIndex = 0; path = "moving-isometric-camera.app"; sourceTree = BUILT_PRODUCTS_DIR; };
		9F3F67A6288DDBD60057DE5F /* AppDelegate.h */ = {isa = PBXFileReference; lastKnownFileType = sourcecode.c.h; path = AppDelegate.h; sourceTree = "<group>"; };
		9F3F67A7288DDBD60057DE5F /* AppDelegate.m */ = {isa = PBXFileReference; lastKnownFileType = sourcecode.c.objc; path = AppDelegate.m; sourceTree = "<group>"; };
		9F3F67A9288DDBD60057DE5F /* SceneDelegate.h */ = {isa = PBXFileReference; lastKnownFileType = sourcecode.c.h; path = SceneDelegate.h; sourceTree = "<group>"; };
		9F3F67AA288DDBD60057DE5F /* SceneDelegate.m */ = {isa = PBXFileReference; lastKnownFileType = sourcecode.c.objc; path = SceneDelegate.m; sourceTree = "<group>"; };
		9F3F67AC288DDBD60057DE5F /* ViewController.h */ = {isa = PBXFileReference; lastKnownFileType = sourcecode.c.h; path = ViewController.h; sourceTree = "<group>"; };
		9F3F67AD288DDBD60057DE5F /* ViewController.m */ = {isa = PBXFileReference; lastKnownFileType = sourcecode.c.objc; path = ViewController.m; sourceTree = "<group>"; };
		9F3F67B0288DDBD60057DE5F /* Base */ = {isa = PBXFileReference; lastKnownFileType = file.storyboard; name = Base; path = Base.lproj/Main.storyboard; sourceTree = "<group>"; };
		9F3F67B2288DDBD70057DE5F /* Assets.xcassets */ = {isa = PBXFileReference; lastKnownFileType = folder.assetcatalog; path = Assets.xcassets; sourceTree = "<group>"; };
		9F3F67B5288DDBD70057DE5F /* Base */ = {isa = PBXFileReference; lastKnownFileType = file.storyboard; name = Base; path = Base.lproj/LaunchScreen.storyboard; sourceTree = "<group>"; };
		9F3F67B7288DDBD70057DE5F /* Info.plist */ = {isa = PBXFileReference; lastKnownFileType = text.plist.xml; path = Info.plist; sourceTree = "<group>"; };
		9F3F67B8288DDBD70057DE5F /* main.m */ = {isa = PBXFileReference; lastKnownFileType = sourcecode.c.objc; path = main.m; sourceTree = "<group>"; };
		9F3F67C8288DDD4B0057DE5F /* Camera.hpp */ = {isa = PBXFileReference; lastKnownFileType = sourcecode.cpp.h; path = Camera.hpp; sourceTree = "<group>"; };
		9F3F67CA288DE2A30057DE5F /* Camera.cpp */ = {isa = PBXFileReference; lastKnownFileType = sourcecode.cpp.cpp; path = Camera.cpp; sourceTree = "<group>"; };
		9F3F67CC288DE3290057DE5F /* GameScene.cpp */ = {isa = PBXFileReference; lastKnownFileType = sourcecode.cpp.cpp; path = GameScene.cpp; sourceTree = "<group>"; };
		9F3F67CD288DE3290057DE5F /* GameScene.hpp */ = {isa = PBXFileReference; lastKnownFileType = sourcecode.cpp.h; path = GameScene.hpp; sourceTree = "<group>"; };
		9F3F67D0288DE46B0057DE5F /* IsometricCamera.hpp */ = {isa = PBXFileReference; lastKnownFileType = sourcecode.cpp.h; path = IsometricCamera.hpp; sourceTree = "<group>"; };
		9F3F67D2288E05480057DE5F /* IsometricCamera.cpp */ = {isa = PBXFileReference; lastKnownFileType = sourcecode.cpp.cpp; path = IsometricCamera.cpp; sourceTree = "<group>"; };
		9F3F67D5288E29310057DE5F /* train.obj */ = {isa = PBXFileReference; fileEncoding = 4; lastKnownFileType = text; path = train.obj; sourceTree = "<group>"; };
		9F3F67D6288E29310057DE5F /* train.mtl */ = {isa = PBXFileReference; fileEncoding = 4; lastKnownFileType = text; path = train.mtl; sourceTree = "<group>"; };
		9F3F67D7288E2FD90057DE5F /* Renderer.cpp */ = {isa = PBXFileReference; lastKnownFileType = sourcecode.cpp.cpp; path = Renderer.cpp; sourceTree = "<group>"; };
		9F3F67D8288E2FD90057DE5F /* Renderer.hpp */ = {isa = PBXFileReference; lastKnownFileType = sourcecode.cpp.h; path = Renderer.hpp; sourceTree = "<group>"; };
		9F3F67DA288E308F0057DE5F /* Shaders.metal */ = {isa = PBXFileReference; lastKnownFileType = sourcecode.metal; path = Shaders.metal; sourceTree = "<group>"; };
		9F45C19228825D8D00592FD6 /* one_cube.mtl */ = {isa = PBXFileReference; fileEncoding = 4; lastKnownFileType = text; path = one_cube.mtl; sourceTree = "<group>"; };
		9F45C19328825D8D00592FD6 /* one_cube.obj */ = {isa = PBXFileReference; fileEncoding = 4; lastKnownFileType = text; path = one_cube.obj; sourceTree = "<group>"; };
		9F4D58102895AC6100FF18D4 /* InputControllerAdapter.h */ = {isa = PBXFileReference; lastKnownFileType = sourcecode.c.h; path = InputControllerAdapter.h; sourceTree = "<group>"; };
		9F4D58112895AD5400FF18D4 /* InputControllerAdapter.mm */ = {isa = PBXFileReference; lastKnownFileType = sourcecode.cpp.objcpp; path = InputControllerAdapter.mm; sourceTree = "<group>"; };
		9F4D58132895AF8000FF18D4 /* Movement.hpp */ = {isa = PBXFileReference; lastKnownFileType = sourcecode.cpp.h; path = Movement.hpp; sourceTree = "<group>"; };
		9F4D58142895AFB200FF18D4 /* Movement.cpp */ = {isa = PBXFileReference; lastKnownFileType = sourcecode.cpp.cpp; path = Movement.cpp; sourceTree = "<group>"; };
		9F4D58162895D3FF00FF18D4 /* InputControllerBridge.h */ = {isa = PBXFileReference; lastKnownFileType = sourcecode.c.h; path = InputControllerBridge.h; sourceTree = "<group>"; };
		9F6A3DEE287E70A400F09F1C /* VertexData.hpp */ = {isa = PBXFileReference; lastKnownFileType = sourcecode.cpp.h; path = VertexData.hpp; sourceTree = "<group>"; };
		9F831530286FEC4200B6FCDF /* RendererDelegateAdapter.mm */ = {isa = PBXFileReference; lastKnownFileType = sourcecode.cpp.objcpp; path = RendererDelegateAdapter.mm; sourceTree = "<group>"; };
		9F831532286FED8500B6FCDF /* RendererDelegateAdapter.h */ = {isa = PBXFileReference; lastKnownFileType = sourcecode.c.h; path = RendererDelegateAdapter.h; sourceTree = "<group>"; };
		9F831536286FEEDA00B6FCDF /* Renderer.cpp */ = {isa = PBXFileReference; lastKnownFileType = sourcecode.cpp.cpp; path = Renderer.cpp; sourceTree = "<group>"; };
		9F831537286FEEDA00B6FCDF /* Renderer.hpp */ = {isa = PBXFileReference; lastKnownFileType = sourcecode.cpp.h; path = Renderer.hpp; sourceTree = "<group>"; };
		9F8315402870FC3400B6FCDF /* Shaders.metal */ = {isa = PBXFileReference; lastKnownFileType = sourcecode.metal; path = Shaders.metal; sourceTree = "<group>"; };
		9F831542287142DC00B6FCDF /* VertexDescriptor.cpp */ = {isa = PBXFileReference; lastKnownFileType = sourcecode.cpp.cpp; path = VertexDescriptor.cpp; sourceTree = "<group>"; };
		9F831543287142DC00B6FCDF /* VertexDescriptor.hpp */ = {isa = PBXFileReference; lastKnownFileType = sourcecode.cpp.h; path = VertexDescriptor.hpp; sourceTree = "<group>"; };
		9F831549287208A400B6FCDF /* 2d-transformations.app */ = {isa = PBXFileReference; explicitFileType = wrapper.application; includeInIndex = 0; path = "2d-transformations.app"; sourceTree = BUILT_PRODUCTS_DIR; };
		9F83154B287208A400B6FCDF /* AppDelegate.h */ = {isa = PBXFileReference; lastKnownFileType = sourcecode.c.h; path = AppDelegate.h; sourceTree = "<group>"; };
		9F83154C287208A400B6FCDF /* AppDelegate.m */ = {isa = PBXFileReference; lastKnownFileType = sourcecode.c.objc; path = AppDelegate.m; sourceTree = "<group>"; };
		9F83154E287208A400B6FCDF /* SceneDelegate.h */ = {isa = PBXFileReference; lastKnownFileType = sourcecode.c.h; path = SceneDelegate.h; sourceTree = "<group>"; };
		9F83154F287208A400B6FCDF /* SceneDelegate.m */ = {isa = PBXFileReference; lastKnownFileType = sourcecode.c.objc; path = SceneDelegate.m; sourceTree = "<group>"; };
		9F831551287208A400B6FCDF /* ViewController.h */ = {isa = PBXFileReference; lastKnownFileType = sourcecode.c.h; path = ViewController.h; sourceTree = "<group>"; };
		9F831552287208A400B6FCDF /* ViewController.m */ = {isa = PBXFileReference; lastKnownFileType = sourcecode.c.objc; path = ViewController.m; sourceTree = "<group>"; };
		9F831555287208A400B6FCDF /* Base */ = {isa = PBXFileReference; lastKnownFileType = file.storyboard; name = Base; path = Base.lproj/Main.storyboard; sourceTree = "<group>"; };
		9F831557287208A500B6FCDF /* Assets.xcassets */ = {isa = PBXFileReference; lastKnownFileType = folder.assetcatalog; path = Assets.xcassets; sourceTree = "<group>"; };
		9F83155A287208A500B6FCDF /* Base */ = {isa = PBXFileReference; lastKnownFileType = file.storyboard; name = Base; path = Base.lproj/LaunchScreen.storyboard; sourceTree = "<group>"; };
		9F83155C287208A500B6FCDF /* Info.plist */ = {isa = PBXFileReference; lastKnownFileType = text.plist.xml; path = Info.plist; sourceTree = "<group>"; };
		9F83155D287208A500B6FCDF /* main.m */ = {isa = PBXFileReference; lastKnownFileType = sourcecode.c.objc; path = main.m; sourceTree = "<group>"; };
		9FAB821328720AF9006D21B2 /* Foundation.framework */ = {isa = PBXFileReference; lastKnownFileType = wrapper.framework; name = Foundation.framework; path = Platforms/iPhoneOS.platform/Developer/SDKs/iPhoneOS15.5.sdk/System/Library/Frameworks/Foundation.framework; sourceTree = DEVELOPER_DIR; };
		9FAB821528720AFF006D21B2 /* Metal.framework */ = {isa = PBXFileReference; lastKnownFileType = wrapper.framework; name = Metal.framework; path = Platforms/iPhoneOS.platform/Developer/SDKs/iPhoneOS15.5.sdk/System/Library/Frameworks/Metal.framework; sourceTree = DEVELOPER_DIR; };
		9FAB821728720B03006D21B2 /* QuartzCore.framework */ = {isa = PBXFileReference; lastKnownFileType = wrapper.framework; name = QuartzCore.framework; path = Platforms/iPhoneOS.platform/Developer/SDKs/iPhoneOS15.5.sdk/System/Library/Frameworks/QuartzCore.framework; sourceTree = DEVELOPER_DIR; };
		9FAB821928720B20006D21B2 /* Renderer.cpp */ = {isa = PBXFileReference; lastKnownFileType = sourcecode.cpp.cpp; path = Renderer.cpp; sourceTree = "<group>"; };
		9FAB821A28720B20006D21B2 /* Renderer.hpp */ = {isa = PBXFileReference; lastKnownFileType = sourcecode.cpp.h; path = Renderer.hpp; sourceTree = "<group>"; };
		9FABA02F286FBF1000B5630A /* triangle-with-animation.app */ = {isa = PBXFileReference; explicitFileType = wrapper.application; includeInIndex = 0; path = "triangle-with-animation.app"; sourceTree = BUILT_PRODUCTS_DIR; };
		9FABA032286FBF1000B5630A /* AppDelegate.m */ = {isa = PBXFileReference; lastKnownFileType = sourcecode.c.objc; path = AppDelegate.m; sourceTree = "<group>"; };
		9FABA035286FBF1000B5630A /* ViewController.m */ = {isa = PBXFileReference; lastKnownFileType = sourcecode.c.objc; path = ViewController.m; sourceTree = "<group>"; };
		9FABA037286FBF1400B5630A /* Assets.xcassets */ = {isa = PBXFileReference; lastKnownFileType = folder.assetcatalog; path = Assets.xcassets; sourceTree = "<group>"; };
		9FABA03A286FBF1400B5630A /* Base */ = {isa = PBXFileReference; lastKnownFileType = file.storyboard; name = Base; path = Base.lproj/Main.storyboard; sourceTree = "<group>"; };
		9FABA03C286FBF1400B5630A /* main.m */ = {isa = PBXFileReference; lastKnownFileType = sourcecode.c.objc; path = main.m; sourceTree = "<group>"; };
		9FABA03E286FBF1400B5630A /* triangle_with_animation.entitlements */ = {isa = PBXFileReference; lastKnownFileType = text.plist.entitlements; path = triangle_with_animation.entitlements; sourceTree = "<group>"; };
		9FB1A3CB28974055006E27A9 /* ResourceBundle.hpp */ = {isa = PBXFileReference; lastKnownFileType = sourcecode.cpp.h; path = ResourceBundle.hpp; sourceTree = "<group>"; };
		9FB1A3CC289743CA006E27A9 /* BMPImporter.cpp */ = {isa = PBXFileReference; lastKnownFileType = sourcecode.cpp.cpp; path = BMPImporter.cpp; sourceTree = "<group>"; };
		9FB1A3CD289743CA006E27A9 /* BMPImporter.hpp */ = {isa = PBXFileReference; lastKnownFileType = sourcecode.cpp.h; path = BMPImporter.hpp; sourceTree = "<group>"; };
		9FB1A3D0289B7A42006E27A9 /* TextureController.cpp */ = {isa = PBXFileReference; lastKnownFileType = sourcecode.cpp.cpp; path = TextureController.cpp; sourceTree = "<group>"; };
		9FB1A3D1289B7A42006E27A9 /* TextureController.hpp */ = {isa = PBXFileReference; lastKnownFileType = sourcecode.cpp.h; path = TextureController.hpp; sourceTree = "<group>"; };
		9FB1A3D3289B811B006E27A9 /* PixelData.hpp */ = {isa = PBXFileReference; lastKnownFileType = sourcecode.cpp.h; path = PixelData.hpp; sourceTree = "<group>"; };
		9FB1A3D6289C49D8006E27A9 /* tiletexture.bmp */ = {isa = PBXFileReference; lastKnownFileType = image.bmp; path = tiletexture.bmp; sourceTree = "<group>"; };
		9FB1A3D8289CE1F8006E27A9 /* tile-adjusted-uv.obj */ = {isa = PBXFileReference; fileEncoding = 4; lastKnownFileType = text; path = "tile-adjusted-uv.obj"; sourceTree = "<group>"; };
		9FB1A3DA289D9842006E27A9 /* tile-adjusted-uv-2.obj */ = {isa = PBXFileReference; fileEncoding = 4; lastKnownFileType = text; path = "tile-adjusted-uv-2.obj"; sourceTree = "<group>"; };
		9FD2BB37288F1D0E00D3E983 /* Constants.hpp */ = {isa = PBXFileReference; lastKnownFileType = sourcecode.cpp.h; path = Constants.hpp; sourceTree = "<group>"; };
		9FD2BB382890E7B700D3E983 /* grid.obj */ = {isa = PBXFileReference; fileEncoding = 4; lastKnownFileType = text; path = grid.obj; sourceTree = "<group>"; };
		9FD2BB3A2890F18100D3E983 /* TouchableMTKView.m */ = {isa = PBXFileReference; lastKnownFileType = sourcecode.c.objc; path = TouchableMTKView.m; sourceTree = "<group>"; };
		9FD2BB3D28931FB400D3E983 /* WodBse0d.ini */ = {isa = PBXFileReference; fileEncoding = 4; lastKnownFileType = text; path = WodBse0d.ini; sourceTree = "<group>"; };
		9FD2BB3E28936AAE00D3E983 /* tile.obj */ = {isa = PBXFileReference; fileEncoding = 4; lastKnownFileType = text; path = tile.obj; sourceTree = "<group>"; };
/* End PBXFileReference section */

/* Begin PBXFrameworksBuildPhase section */
		9F12D128287229F3006306F6 /* Frameworks */ = {
			isa = PBXFrameworksBuildPhase;
			buildActionMask = 2147483647;
			files = (
				9F12D14528722A60006306F6 /* Metal.framework in Frameworks */,
				9F12D14428722A5A006306F6 /* Foundation.framework in Frameworks */,
				9F12D14628722A65006306F6 /* QuartzCore.framework in Frameworks */,
			);
			runOnlyForDeploymentPostprocessing = 0;
		};
		9F12D1C6287B4693006306F6 /* Frameworks */ = {
			isa = PBXFrameworksBuildPhase;
			buildActionMask = 2147483647;
			files = (
				9F12D1E8287B47B7006306F6 /* Metal.framework in Frameworks */,
				9F12D1E7287B47B1006306F6 /* Foundation.framework in Frameworks */,
				9F12D1E9287B47BB006306F6 /* QuartzCore.framework in Frameworks */,
			);
			runOnlyForDeploymentPostprocessing = 0;
		};
		9F3F67A1288DDBD60057DE5F /* Frameworks */ = {
			isa = PBXFrameworksBuildPhase;
			buildActionMask = 2147483647;
			files = (
				9F3F67BD288DDC310057DE5F /* Metal.framework in Frameworks */,
				9F3F67BE288DDC390057DE5F /* Foundation.framework in Frameworks */,
				9F3F67BF288DDC410057DE5F /* QuartzCore.framework in Frameworks */,
			);
			runOnlyForDeploymentPostprocessing = 0;
		};
		9F831546287208A400B6FCDF /* Frameworks */ = {
			isa = PBXFrameworksBuildPhase;
			buildActionMask = 2147483647;
			files = (
				9FAB821628720AFF006D21B2 /* Metal.framework in Frameworks */,
				9FAB821428720AF9006D21B2 /* Foundation.framework in Frameworks */,
				9FAB821828720B03006D21B2 /* QuartzCore.framework in Frameworks */,
			);
			runOnlyForDeploymentPostprocessing = 0;
		};
		9FABA02C286FBF1000B5630A /* Frameworks */ = {
			isa = PBXFrameworksBuildPhase;
			buildActionMask = 2147483647;
			files = (
			);
			runOnlyForDeploymentPostprocessing = 0;
		};
/* End PBXFrameworksBuildPhase section */

/* Begin PBXGroup section */
		9F12D12C287229F3006306F6 /* cameras */ = {
			isa = PBXGroup;
			children = (
				9F12D12D287229F3006306F6 /* AppDelegate.h */,
				9F12D12E287229F3006306F6 /* AppDelegate.m */,
				9F12D130287229F3006306F6 /* SceneDelegate.h */,
				9F12D131287229F3006306F6 /* SceneDelegate.m */,
				9F12D133287229F3006306F6 /* ViewController.h */,
				9F12D134287229F3006306F6 /* ViewController.m */,
				9F12D136287229F3006306F6 /* Main.storyboard */,
				9F12D139287229F4006306F6 /* Assets.xcassets */,
				9F12D13B287229F4006306F6 /* LaunchScreen.storyboard */,
				9F12D13E287229F4006306F6 /* Info.plist */,
				9F12D13F287229F4006306F6 /* main.m */,
				9F12D14728722AB7006306F6 /* Renderer.cpp */,
				9F12D14828722AB7006306F6 /* Renderer.hpp */,
				9F12D14C28722AFD006306F6 /* Shaders.metal */,
				9F12D1BF287A7681006306F6 /* Model.hpp */,
			);
			path = cameras;
			sourceTree = "<group>";
		};
		9F12D1CA287B4693006306F6 /* fragments */ = {
			isa = PBXGroup;
			children = (
				9F12D1EF287B4927006306F6 /* Resources */,
				9F12D1CB287B4693006306F6 /* AppDelegate.h */,
				9F12D1CC287B4693006306F6 /* AppDelegate.m */,
				9F12D1CE287B4693006306F6 /* SceneDelegate.h */,
				9F12D1CF287B4693006306F6 /* SceneDelegate.m */,
				9F12D1D1287B4693006306F6 /* ViewController.h */,
				9F12D1D2287B4693006306F6 /* ViewController.m */,
				9F12D1D4287B4693006306F6 /* Main.storyboard */,
				9F12D1D7287B4694006306F6 /* Assets.xcassets */,
				9F12D1D9287B4694006306F6 /* LaunchScreen.storyboard */,
				9F12D1DC287B4694006306F6 /* Info.plist */,
				9F12D1DD287B4694006306F6 /* main.m */,
				9F12D1EA287B4819006306F6 /* Renderer.cpp */,
				9F12D1EB287B4819006306F6 /* Renderer.hpp */,
				9F12D1ED287B48A6006306F6 /* Shaders.metal */,
			);
			path = fragments;
			sourceTree = "<group>";
		};
		9F12D1EF287B4927006306F6 /* Resources */ = {
			isa = PBXGroup;
			children = (
				9F3F67812885D8370057DE5F /* one_cube_quad_faces.mtl */,
				9F3F67822885D8370057DE5F /* one_cube_quad_faces.obj */,
				9F45C19228825D8D00592FD6 /* one_cube.mtl */,
				9F45C19328825D8D00592FD6 /* one_cube.obj */,
				9F12D201287B9086006306F6 /* test.txt */,
				9F12D1FB287B8AFB006306F6 /* train.mtl */,
				9F12D1FC287B8AFB006306F6 /* train.obj */,
			);
			path = Resources;
			sourceTree = "<group>";
		};
		9F3F67A5288DDBD60057DE5F /* moving-isometric-camera */ = {
			isa = PBXGroup;
			children = (
				9F3F67D4288E28F40057DE5F /* Resources */,
				9F3F67A6288DDBD60057DE5F /* AppDelegate.h */,
				9F3F67A7288DDBD60057DE5F /* AppDelegate.m */,
				9F3F67A9288DDBD60057DE5F /* SceneDelegate.h */,
				9F3F67AA288DDBD60057DE5F /* SceneDelegate.m */,
				9F3F67AC288DDBD60057DE5F /* ViewController.h */,
				9F3F67AD288DDBD60057DE5F /* ViewController.m */,
				9FD2BB3A2890F18100D3E983 /* TouchableMTKView.m */,
				9F3F67AF288DDBD60057DE5F /* Main.storyboard */,
				9F3F67B2288DDBD70057DE5F /* Assets.xcassets */,
				9F3F67B4288DDBD70057DE5F /* LaunchScreen.storyboard */,
				9F3F67B7288DDBD70057DE5F /* Info.plist */,
				9F3F67B8288DDBD70057DE5F /* main.m */,
				9F3F67D7288E2FD90057DE5F /* Renderer.cpp */,
				9F3F67D8288E2FD90057DE5F /* Renderer.hpp */,
				9F3F67DA288E308F0057DE5F /* Shaders.metal */,
			);
			path = "moving-isometric-camera";
			sourceTree = "<group>";
		};
		9F3F67D4288E28F40057DE5F /* Resources */ = {
			isa = PBXGroup;
			children = (
				9FB1A3DA289D9842006E27A9 /* tile-adjusted-uv-2.obj */,
				9FB1A3D8289CE1F8006E27A9 /* tile-adjusted-uv.obj */,
				9FB1A3D6289C49D8006E27A9 /* tiletexture.bmp */,
				9FD2BB3E28936AAE00D3E983 /* tile.obj */,
				9FD2BB3D28931FB400D3E983 /* WodBse0d.ini */,
				9FD2BB382890E7B700D3E983 /* grid.obj */,
				9F3F67D6288E29310057DE5F /* train.mtl */,
				9F3F67D5288E29310057DE5F /* train.obj */,
			);
			path = Resources;
			sourceTree = "<group>";
		};
		9F831529286FEA7A00B6FCDF /* Frameworks */ = {
			isa = PBXGroup;
			children = (
				9FAB821728720B03006D21B2 /* QuartzCore.framework */,
				9FAB821528720AFF006D21B2 /* Metal.framework */,
				9FAB821328720AF9006D21B2 /* Foundation.framework */,
			);
			name = Frameworks;
			sourceTree = "<group>";
		};
		9F83154A287208A400B6FCDF /* 2d-transformations */ = {
			isa = PBXGroup;
			children = (
				9F83154B287208A400B6FCDF /* AppDelegate.h */,
				9F83154C287208A400B6FCDF /* AppDelegate.m */,
				9F83154E287208A400B6FCDF /* SceneDelegate.h */,
				9F83154F287208A400B6FCDF /* SceneDelegate.m */,
				9F831551287208A400B6FCDF /* ViewController.h */,
				9F831552287208A400B6FCDF /* ViewController.m */,
				9F831554287208A400B6FCDF /* Main.storyboard */,
				9F831557287208A500B6FCDF /* Assets.xcassets */,
				9F831559287208A500B6FCDF /* LaunchScreen.storyboard */,
				9F83155C287208A500B6FCDF /* Info.plist */,
				9F83155D287208A500B6FCDF /* main.m */,
				9FAB821928720B20006D21B2 /* Renderer.cpp */,
				9FAB821A28720B20006D21B2 /* Renderer.hpp */,
				9F12D12528720D1F006306F6 /* Shaders.metal */,
			);
			path = "2d-transformations";
			sourceTree = "<group>";
		};
		9FABA00A286C064300B5630A = {
			isa = PBXGroup;
			children = (
				9FABA015286C064300B5630A /* metal-cpp-projects */,
				9FABA014286C064300B5630A /* Products */,
				9F831529286FEA7A00B6FCDF /* Frameworks */,
			);
			sourceTree = "<group>";
		};
		9FABA014286C064300B5630A /* Products */ = {
			isa = PBXGroup;
			children = (
				9FABA02F286FBF1000B5630A /* triangle-with-animation.app */,
				9F831549287208A400B6FCDF /* 2d-transformations.app */,
				9F12D12B287229F3006306F6 /* cameras.app */,
				9F12D1C9287B4693006306F6 /* fragments.app */,
				9F3F67A4288DDBD60057DE5F /* moving-isometric-camera.app */,
			);
			name = Products;
			sourceTree = "<group>";
		};
		9FABA015286C064300B5630A /* metal-cpp-projects */ = {
			isa = PBXGroup;
			children = (
				9FABA030286FBF1000B5630A /* triangle-with-animation */,
				9F83154A287208A400B6FCDF /* 2d-transformations */,
				9F12D12C287229F3006306F6 /* cameras */,
				9F12D1CA287B4693006306F6 /* fragments */,
				9F3F67A5288DDBD60057DE5F /* moving-isometric-camera */,
				9FABA029286C06FE00B5630A /* Shared */,
			);
			path = "metal-cpp-projects";
			sourceTree = "<group>";
		};
		9FABA029286C06FE00B5630A /* Shared */ = {
			isa = PBXGroup;
			children = (
				9FB1A3CA28973FFB006E27A9 /* Common */,
				9F831530286FEC4200B6FCDF /* RendererDelegateAdapter.mm */,
				9F831532286FED8500B6FCDF /* RendererDelegateAdapter.h */,
				9F831542287142DC00B6FCDF /* VertexDescriptor.cpp */,
				9F831543287142DC00B6FCDF /* VertexDescriptor.hpp */,
				9F12D1502872447F006306F6 /* Uniforms.hpp */,
				9F12D157287257C8006306F6 /* Uniforms.cpp */,
				9F12D1522872472C006306F6 /* Math.cpp */,
				9F12D1532872472C006306F6 /* Math.hpp */,
				9F12D1B9287A2C1E006306F6 /* Transformable.cpp */,
				9F12D1BA287A2C1E006306F6 /* Transformable.hpp */,
				9F12D1F1287B677D006306F6 /* ModelImporter.hpp */,
				9F12D1F9287B6F41006306F6 /* ObjModelImporter.hpp */,
				9F12D207287BCA93006306F6 /* ObjModelImporter.cpp */,
				9F12D1F6287B6975006306F6 /* Model.cpp */,
				9F12D1F7287B6975006306F6 /* Model.hpp */,
				9F6A3DEE287E70A400F09F1C /* VertexData.hpp */,
				9F3F67C8288DDD4B0057DE5F /* Camera.hpp */,
				9F3F67CA288DE2A30057DE5F /* Camera.cpp */,
				9F3F67CC288DE3290057DE5F /* GameScene.cpp */,
				9F3F67CD288DE3290057DE5F /* GameScene.hpp */,
				9F3F67D0288DE46B0057DE5F /* IsometricCamera.hpp */,
				9F3F67D2288E05480057DE5F /* IsometricCamera.cpp */,
				9FD2BB37288F1D0E00D3E983 /* Constants.hpp */,
				9F4D58162895D3FF00FF18D4 /* InputControllerBridge.h */,
				9F4D58102895AC6100FF18D4 /* InputControllerAdapter.h */,
				9F4D58112895AD5400FF18D4 /* InputControllerAdapter.mm */,
				9F4D58132895AF8000FF18D4 /* Movement.hpp */,
				9F4D58142895AFB200FF18D4 /* Movement.cpp */,
				9FB1A3CC289743CA006E27A9 /* BMPImporter.cpp */,
				9FB1A3CD289743CA006E27A9 /* BMPImporter.hpp */,
				9FB1A3D0289B7A42006E27A9 /* TextureController.cpp */,
				9FB1A3D1289B7A42006E27A9 /* TextureController.hpp */,
				9FB1A3D3289B811B006E27A9 /* PixelData.hpp */,
			);
			path = Shared;
			sourceTree = "<group>";
		};
		9FABA030286FBF1000B5630A /* triangle-with-animation */ = {
			isa = PBXGroup;
			children = (
				9FABA032286FBF1000B5630A /* AppDelegate.m */,
				9FABA035286FBF1000B5630A /* ViewController.m */,
				9F831536286FEEDA00B6FCDF /* Renderer.cpp */,
				9F831537286FEEDA00B6FCDF /* Renderer.hpp */,
				9FABA037286FBF1400B5630A /* Assets.xcassets */,
				9FABA039286FBF1400B5630A /* Main.storyboard */,
				9FABA03C286FBF1400B5630A /* main.m */,
				9FABA03E286FBF1400B5630A /* triangle_with_animation.entitlements */,
				9F8315402870FC3400B6FCDF /* Shaders.metal */,
			);
			path = "triangle-with-animation";
			sourceTree = "<group>";
		};
		9FB1A3CA28973FFB006E27A9 /* Common */ = {
			isa = PBXGroup;
			children = (
				9FB1A3CB28974055006E27A9 /* ResourceBundle.hpp */,
			);
			path = Common;
			sourceTree = "<group>";
		};
/* End PBXGroup section */

/* Begin PBXNativeTarget section */
		9F12D12A287229F3006306F6 /* cameras */ = {
			isa = PBXNativeTarget;
			buildConfigurationList = 9F12D141287229F4006306F6 /* Build configuration list for PBXNativeTarget "cameras" */;
			buildPhases = (
				9F12D127287229F3006306F6 /* Sources */,
				9F12D128287229F3006306F6 /* Frameworks */,
				9F12D129287229F3006306F6 /* Resources */,
			);
			buildRules = (
			);
			dependencies = (
			);
			name = cameras;
			productName = cameras;
			productReference = 9F12D12B287229F3006306F6 /* cameras.app */;
			productType = "com.apple.product-type.application";
		};
		9F12D1C8287B4693006306F6 /* fragments */ = {
			isa = PBXNativeTarget;
			buildConfigurationList = 9F12D1DF287B4694006306F6 /* Build configuration list for PBXNativeTarget "fragments" */;
			buildPhases = (
				9F12D1C5287B4693006306F6 /* Sources */,
				9F12D1C6287B4693006306F6 /* Frameworks */,
				9F12D1C7287B4693006306F6 /* Resources */,
			);
			buildRules = (
			);
			dependencies = (
			);
			name = fragments;
			productName = fragments;
			productReference = 9F12D1C9287B4693006306F6 /* fragments.app */;
			productType = "com.apple.product-type.application";
		};
		9F3F67A3288DDBD60057DE5F /* moving-isometric-camera */ = {
			isa = PBXNativeTarget;
			buildConfigurationList = 9F3F67BA288DDBD70057DE5F /* Build configuration list for PBXNativeTarget "moving-isometric-camera" */;
			buildPhases = (
				9F3F67A0288DDBD60057DE5F /* Sources */,
				9F3F67A1288DDBD60057DE5F /* Frameworks */,
				9F3F67A2288DDBD60057DE5F /* Resources */,
			);
			buildRules = (
			);
			dependencies = (
			);
			name = "moving-isometric-camera";
			productName = "moving-isometric-camera";
			productReference = 9F3F67A4288DDBD60057DE5F /* moving-isometric-camera.app */;
			productType = "com.apple.product-type.application";
		};
		9F831548287208A400B6FCDF /* 2d-transformations */ = {
			isa = PBXNativeTarget;
			buildConfigurationList = 9F83155F287208A500B6FCDF /* Build configuration list for PBXNativeTarget "2d-transformations" */;
			buildPhases = (
				9F831545287208A400B6FCDF /* Sources */,
				9F831546287208A400B6FCDF /* Frameworks */,
				9F831547287208A400B6FCDF /* Resources */,
			);
			buildRules = (
			);
			dependencies = (
			);
			name = "2d-transformations";
			productName = "2d-transformations";
			productReference = 9F831549287208A400B6FCDF /* 2d-transformations.app */;
			productType = "com.apple.product-type.application";
		};
		9FABA02E286FBF1000B5630A /* triangle-with-animation */ = {
			isa = PBXNativeTarget;
			buildConfigurationList = 9FABA03F286FBF1400B5630A /* Build configuration list for PBXNativeTarget "triangle-with-animation" */;
			buildPhases = (
				9FABA02B286FBF1000B5630A /* Sources */,
				9FABA02C286FBF1000B5630A /* Frameworks */,
				9FABA02D286FBF1000B5630A /* Resources */,
			);
			buildRules = (
			);
			dependencies = (
			);
			name = "triangle-with-animation";
			productName = "triangle-with-animation";
			productReference = 9FABA02F286FBF1000B5630A /* triangle-with-animation.app */;
			productType = "com.apple.product-type.application";
		};
/* End PBXNativeTarget section */

/* Begin PBXProject section */
		9FABA00B286C064300B5630A /* Project object */ = {
			isa = PBXProject;
			attributes = {
				BuildIndependentTargetsInParallel = 1;
				LastUpgradeCheck = 1340;
				TargetAttributes = {
					9F12D12A287229F3006306F6 = {
						CreatedOnToolsVersion = 13.4.1;
					};
					9F12D1C8287B4693006306F6 = {
						CreatedOnToolsVersion = 13.4.1;
					};
					9F3F67A3288DDBD60057DE5F = {
						CreatedOnToolsVersion = 13.4.1;
					};
					9F831523286FC83500B6FCDF = {
						CreatedOnToolsVersion = 13.4.1;
					};
					9F831548287208A400B6FCDF = {
						CreatedOnToolsVersion = 13.4.1;
					};
					9FABA02E286FBF1000B5630A = {
						CreatedOnToolsVersion = 13.4.1;
					};
				};
			};
			buildConfigurationList = 9FABA00E286C064300B5630A /* Build configuration list for PBXProject "metal-cpp-projects" */;
			compatibilityVersion = "Xcode 13.0";
			developmentRegion = en;
			hasScannedForEncodings = 0;
			knownRegions = (
				en,
				Base,
			);
			mainGroup = 9FABA00A286C064300B5630A;
			productRefGroup = 9FABA014286C064300B5630A /* Products */;
			projectDirPath = "";
			projectRoot = "";
			targets = (
				9FABA02E286FBF1000B5630A /* triangle-with-animation */,
				9F831523286FC83500B6FCDF /* metal-cpp-projects */,
				9F831548287208A400B6FCDF /* 2d-transformations */,
				9F12D12A287229F3006306F6 /* cameras */,
				9F12D1C8287B4693006306F6 /* fragments */,
				9F3F67A3288DDBD60057DE5F /* moving-isometric-camera */,
			);
		};
/* End PBXProject section */

/* Begin PBXResourcesBuildPhase section */
		9F12D129287229F3006306F6 /* Resources */ = {
			isa = PBXResourcesBuildPhase;
			buildActionMask = 2147483647;
			files = (
				9F12D13D287229F4006306F6 /* LaunchScreen.storyboard in Resources */,
				9F12D13A287229F4006306F6 /* Assets.xcassets in Resources */,
				9F12D138287229F3006306F6 /* Main.storyboard in Resources */,
			);
			runOnlyForDeploymentPostprocessing = 0;
		};
		9F12D1C7287B4693006306F6 /* Resources */ = {
			isa = PBXResourcesBuildPhase;
			buildActionMask = 2147483647;
			files = (
				9F3F67832885D8370057DE5F /* one_cube_quad_faces.mtl in Resources */,
				9F12D206287BC9B9006306F6 /* train.obj in Resources */,
				9F45C19528825D8D00592FD6 /* one_cube.obj in Resources */,
				9F3F67842885D8370057DE5F /* one_cube_quad_faces.obj in Resources */,
				9F12D1DB287B4694006306F6 /* LaunchScreen.storyboard in Resources */,
				9F12D1D8287B4694006306F6 /* Assets.xcassets in Resources */,
				9F45C19428825D8D00592FD6 /* one_cube.mtl in Resources */,
				9F12D1D6287B4693006306F6 /* Main.storyboard in Resources */,
			);
			runOnlyForDeploymentPostprocessing = 0;
		};
		9F3F67A2288DDBD60057DE5F /* Resources */ = {
			isa = PBXResourcesBuildPhase;
			buildActionMask = 2147483647;
			files = (
				9FB1A3DB289D9856006E27A9 /* tile-adjusted-uv-2.obj in Resources */,
				9FB1A3D9289CE20F006E27A9 /* tile-adjusted-uv.obj in Resources */,
				9FB1A3D7289C49FD006E27A9 /* tiletexture.bmp in Resources */,
				9FD2BB3F28936ACC00D3E983 /* tile.obj in Resources */,
				9FD2BB392890E7C200D3E983 /* grid.obj in Resources */,
				9FD2BB34288E3C9800D3E983 /* train.mtl in Resources */,
				9FD2BB35288E3C9800D3E983 /* train.obj in Resources */,
				9F3F67B6288DDBD70057DE5F /* LaunchScreen.storyboard in Resources */,
				9F3F67B3288DDBD70057DE5F /* Assets.xcassets in Resources */,
				9F3F67B1288DDBD60057DE5F /* Main.storyboard in Resources */,
			);
			runOnlyForDeploymentPostprocessing = 0;
		};
		9F831547287208A400B6FCDF /* Resources */ = {
			isa = PBXResourcesBuildPhase;
			buildActionMask = 2147483647;
			files = (
				9F83155B287208A500B6FCDF /* LaunchScreen.storyboard in Resources */,
				9F831558287208A500B6FCDF /* Assets.xcassets in Resources */,
				9F831556287208A400B6FCDF /* Main.storyboard in Resources */,
			);
			runOnlyForDeploymentPostprocessing = 0;
		};
		9FABA02D286FBF1000B5630A /* Resources */ = {
			isa = PBXResourcesBuildPhase;
			buildActionMask = 2147483647;
			files = (
				9FABA038286FBF1400B5630A /* Assets.xcassets in Resources */,
				9FABA03B286FBF1400B5630A /* Main.storyboard in Resources */,
			);
			runOnlyForDeploymentPostprocessing = 0;
		};
/* End PBXResourcesBuildPhase section */

/* Begin PBXSourcesBuildPhase section */
		9F12D127287229F3006306F6 /* Sources */ = {
			isa = PBXSourcesBuildPhase;
			buildActionMask = 2147483647;
			files = (
				9F12D1BB287A2C1E006306F6 /* Transformable.cpp in Sources */,
				9F12D1542872472C006306F6 /* Math.cpp in Sources */,
				9F12D14D28722AFD006306F6 /* Shaders.metal in Sources */,
				9F12D135287229F3006306F6 /* ViewController.m in Sources */,
				9F12D14B28722ABE006306F6 /* VertexDescriptor.cpp in Sources */,
				9F12D14928722AB7006306F6 /* Renderer.cpp in Sources */,
				9F12D158287259A8006306F6 /* Uniforms.cpp in Sources */,
				9F12D12F287229F3006306F6 /* AppDelegate.m in Sources */,
				9F12D140287229F4006306F6 /* main.m in Sources */,
				9FA003FC28814B510053D16A /* RendererDelegateAdapter.mm in Sources */,
				9F12D132287229F3006306F6 /* SceneDelegate.m in Sources */,
			);
			runOnlyForDeploymentPostprocessing = 0;
		};
		9F12D1C5287B4693006306F6 /* Sources */ = {
			isa = PBXSourcesBuildPhase;
			buildActionMask = 2147483647;
			files = (
				9F12D1E3287B473A006306F6 /* VertexDescriptor.cpp in Sources */,
				9F12D1F8287B6975006306F6 /* Model.cpp in Sources */,
				9F12D1D3287B4693006306F6 /* ViewController.m in Sources */,
				9F12D1CD287B4693006306F6 /* AppDelegate.m in Sources */,
				9F12D1E5287B473F006306F6 /* Math.cpp in Sources */,
				9F12D1DE287B4694006306F6 /* main.m in Sources */,
				9F12D1E2287B4736006306F6 /* RendererDelegateAdapter.mm in Sources */,
				9F12D1EC287B481A006306F6 /* Renderer.cpp in Sources */,
				9F12D1FA287B6F41006306F6 /* ObjModelImporter.hpp in Sources */,
				9F12D208287BCA93006306F6 /* ObjModelImporter.cpp in Sources */,
				9F12D1E4287B473F006306F6 /* Uniforms.cpp in Sources */,
				9F12D1EE287B48A6006306F6 /* Shaders.metal in Sources */,
				9F12D1E6287B473F006306F6 /* Transformable.cpp in Sources */,
				9F12D1D0287B4693006306F6 /* SceneDelegate.m in Sources */,
			);
			runOnlyForDeploymentPostprocessing = 0;
		};
		9F3F67A0288DDBD60057DE5F /* Sources */ = {
			isa = PBXSourcesBuildPhase;
			buildActionMask = 2147483647;
			files = (
				9F4D58122895AD5400FF18D4 /* InputControllerAdapter.mm in Sources */,
				9F4D58152895AFB200FF18D4 /* Movement.cpp in Sources */,
				9F3F67C4288DDC6D0057DE5F /* ObjModelImporter.cpp in Sources */,
				9F3F67C1288DDC6D0057DE5F /* Uniforms.cpp in Sources */,
				9F3F67AE288DDBD60057DE5F /* ViewController.m in Sources */,
				9FD2BB3B2890F18100D3E983 /* TouchableMTKView.m in Sources */,
				9FB1A3D2289B7A42006E27A9 /* TextureController.cpp in Sources */,
				9F3F67C2288DDC6D0057DE5F /* VertexDescriptor.cpp in Sources */,
				9F3F67CB288DE2A30057DE5F /* Camera.cpp in Sources */,
				9F3F67C3288DDC6D0057DE5F /* Math.cpp in Sources */,
				9FB1A3CE289743CA006E27A9 /* BMPImporter.cpp in Sources */,
				9F3F67D9288E2FD90057DE5F /* Renderer.cpp in Sources */,
				9F3F67CE288DE3290057DE5F /* GameScene.cpp in Sources */,
				9F3F67DB288E308F0057DE5F /* Shaders.metal in Sources */,
				9F3F67A8288DDBD60057DE5F /* AppDelegate.m in Sources */,
				9F3F67C6288DDC6D0057DE5F /* Model.cpp in Sources */,
				9F3F67B9288DDBD70057DE5F /* main.m in Sources */,
				9F3F67D3288E05480057DE5F /* IsometricCamera.cpp in Sources */,
				9F3F67C0288DDC570057DE5F /* RendererDelegateAdapter.mm in Sources */,
				9F3F67C5288DDC6D0057DE5F /* Transformable.cpp in Sources */,
				9F3F67AB288DDBD60057DE5F /* SceneDelegate.m in Sources */,
			);
			runOnlyForDeploymentPostprocessing = 0;
		};
		9F831545287208A400B6FCDF /* Sources */ = {
			isa = PBXSourcesBuildPhase;
			buildActionMask = 2147483647;
			files = (
				9F12D1C0287A8031006306F6 /* Math.cpp in Sources */,
				9F12D12628720D1F006306F6 /* Shaders.metal in Sources */,
				9F831553287208A400B6FCDF /* ViewController.m in Sources */,
				9FA003FD28814B520053D16A /* RendererDelegateAdapter.mm in Sources */,
				9FAB821D28720BF5006D21B2 /* VertexDescriptor.cpp in Sources */,
				9FAB821B28720B20006D21B2 /* Renderer.cpp in Sources */,
				9F12D1C1287A8035006306F6 /* Uniforms.cpp in Sources */,
				9F83154D287208A400B6FCDF /* AppDelegate.m in Sources */,
				9F83155E287208A500B6FCDF /* main.m in Sources */,
				9F831550287208A400B6FCDF /* SceneDelegate.m in Sources */,
			);
			runOnlyForDeploymentPostprocessing = 0;
		};
		9FABA02B286FBF1000B5630A /* Sources */ = {
			isa = PBXSourcesBuildPhase;
			buildActionMask = 2147483647;
			files = (
				9F12D1C3287A8044006306F6 /* Math.cpp in Sources */,
				9F12D1C2287A8041006306F6 /* Uniforms.cpp in Sources */,
				9F8315412870FC3400B6FCDF /* Shaders.metal in Sources */,
				9F831538286FEEDA00B6FCDF /* Renderer.cpp in Sources */,
				9F831544287142DC00B6FCDF /* VertexDescriptor.cpp in Sources */,
				9FABA03D286FBF1400B5630A /* main.m in Sources */,
				9FABA036286FBF1000B5630A /* ViewController.m in Sources */,
				9FA003FE28814B530053D16A /* RendererDelegateAdapter.mm in Sources */,
				9FABA033286FBF1000B5630A /* AppDelegate.m in Sources */,
			);
			runOnlyForDeploymentPostprocessing = 0;
		};
/* End PBXSourcesBuildPhase section */

/* Begin PBXTargetDependency section */
		9F831528286FE9BE00B6FCDF /* PBXTargetDependency */ = {
			isa = PBXTargetDependency;
			target = 9FABA02E286FBF1000B5630A /* triangle-with-animation */;
			targetProxy = 9F831527286FE9BE00B6FCDF /* PBXContainerItemProxy */;
		};
/* End PBXTargetDependency section */

/* Begin PBXVariantGroup section */
		9F12D136287229F3006306F6 /* Main.storyboard */ = {
			isa = PBXVariantGroup;
			children = (
				9F12D137287229F3006306F6 /* Base */,
			);
			name = Main.storyboard;
			sourceTree = "<group>";
		};
		9F12D13B287229F4006306F6 /* LaunchScreen.storyboard */ = {
			isa = PBXVariantGroup;
			children = (
				9F12D13C287229F4006306F6 /* Base */,
			);
			name = LaunchScreen.storyboard;
			sourceTree = "<group>";
		};
		9F12D1D4287B4693006306F6 /* Main.storyboard */ = {
			isa = PBXVariantGroup;
			children = (
				9F12D1D5287B4693006306F6 /* Base */,
			);
			name = Main.storyboard;
			sourceTree = "<group>";
		};
		9F12D1D9287B4694006306F6 /* LaunchScreen.storyboard */ = {
			isa = PBXVariantGroup;
			children = (
				9F12D1DA287B4694006306F6 /* Base */,
			);
			name = LaunchScreen.storyboard;
			sourceTree = "<group>";
		};
		9F3F67AF288DDBD60057DE5F /* Main.storyboard */ = {
			isa = PBXVariantGroup;
			children = (
				9F3F67B0288DDBD60057DE5F /* Base */,
			);
			name = Main.storyboard;
			sourceTree = "<group>";
		};
		9F3F67B4288DDBD70057DE5F /* LaunchScreen.storyboard */ = {
			isa = PBXVariantGroup;
			children = (
				9F3F67B5288DDBD70057DE5F /* Base */,
			);
			name = LaunchScreen.storyboard;
			sourceTree = "<group>";
		};
		9F831554287208A400B6FCDF /* Main.storyboard */ = {
			isa = PBXVariantGroup;
			children = (
				9F831555287208A400B6FCDF /* Base */,
			);
			name = Main.storyboard;
			sourceTree = "<group>";
		};
		9F831559287208A500B6FCDF /* LaunchScreen.storyboard */ = {
			isa = PBXVariantGroup;
			children = (
				9F83155A287208A500B6FCDF /* Base */,
			);
			name = LaunchScreen.storyboard;
			sourceTree = "<group>";
		};
		9FABA039286FBF1400B5630A /* Main.storyboard */ = {
			isa = PBXVariantGroup;
			children = (
				9FABA03A286FBF1400B5630A /* Base */,
			);
			name = Main.storyboard;
			sourceTree = "<group>";
		};
/* End PBXVariantGroup section */

/* Begin XCBuildConfiguration section */
		9F12D142287229F4006306F6 /* Debug */ = {
			isa = XCBuildConfiguration;
			buildSettings = {
				ASSETCATALOG_COMPILER_APPICON_NAME = AppIcon;
				ASSETCATALOG_COMPILER_GLOBAL_ACCENT_COLOR_NAME = AccentColor;
				CLANG_CXX_LANGUAGE_STANDARD = "gnu++17";
				CODE_SIGN_STYLE = Automatic;
				CURRENT_PROJECT_VERSION = 1;
				DEVELOPMENT_TEAM = H2VL2PJ39X;
				GENERATE_INFOPLIST_FILE = YES;
				HEADER_SEARCH_PATHS = (
					/opt/glm,
					"/opt/metal/metal-cpp",
				);
				INFOPLIST_FILE = "metal-cpp-projects/cameras/Info.plist";
				INFOPLIST_KEY_UIApplicationSupportsIndirectInputEvents = YES;
				INFOPLIST_KEY_UILaunchStoryboardName = LaunchScreen;
				INFOPLIST_KEY_UIMainStoryboardFile = Main;
				INFOPLIST_KEY_UISupportedInterfaceOrientations_iPad = "UIInterfaceOrientationPortrait UIInterfaceOrientationPortraitUpsideDown UIInterfaceOrientationLandscapeLeft UIInterfaceOrientationLandscapeRight";
				INFOPLIST_KEY_UISupportedInterfaceOrientations_iPhone = "UIInterfaceOrientationPortrait UIInterfaceOrientationLandscapeLeft UIInterfaceOrientationLandscapeRight";
				IPHONEOS_DEPLOYMENT_TARGET = 15.5;
				LD_RUNPATH_SEARCH_PATHS = (
					"$(inherited)",
					"@executable_path/Frameworks",
				);
				MARKETING_VERSION = 1.0;
				PRODUCT_BUNDLE_IDENTIFIER = dbelousov.cameras;
				PRODUCT_NAME = "$(TARGET_NAME)";
				SDKROOT = iphoneos;
				SWIFT_EMIT_LOC_STRINGS = YES;
				TARGETED_DEVICE_FAMILY = "1,2";
			};
			name = Debug;
		};
		9F12D143287229F4006306F6 /* Release */ = {
			isa = XCBuildConfiguration;
			buildSettings = {
				ASSETCATALOG_COMPILER_APPICON_NAME = AppIcon;
				ASSETCATALOG_COMPILER_GLOBAL_ACCENT_COLOR_NAME = AccentColor;
				CLANG_CXX_LANGUAGE_STANDARD = "gnu++17";
				CODE_SIGN_STYLE = Automatic;
				CURRENT_PROJECT_VERSION = 1;
				DEVELOPMENT_TEAM = H2VL2PJ39X;
				GENERATE_INFOPLIST_FILE = YES;
				HEADER_SEARCH_PATHS = (
					/opt/glm,
					"/opt/metal/metal-cpp",
				);
				INFOPLIST_FILE = "metal-cpp-projects/cameras/Info.plist";
				INFOPLIST_KEY_UIApplicationSupportsIndirectInputEvents = YES;
				INFOPLIST_KEY_UILaunchStoryboardName = LaunchScreen;
				INFOPLIST_KEY_UIMainStoryboardFile = Main;
				INFOPLIST_KEY_UISupportedInterfaceOrientations_iPad = "UIInterfaceOrientationPortrait UIInterfaceOrientationPortraitUpsideDown UIInterfaceOrientationLandscapeLeft UIInterfaceOrientationLandscapeRight";
				INFOPLIST_KEY_UISupportedInterfaceOrientations_iPhone = "UIInterfaceOrientationPortrait UIInterfaceOrientationLandscapeLeft UIInterfaceOrientationLandscapeRight";
				IPHONEOS_DEPLOYMENT_TARGET = 15.5;
				LD_RUNPATH_SEARCH_PATHS = (
					"$(inherited)",
					"@executable_path/Frameworks",
				);
				MARKETING_VERSION = 1.0;
				PRODUCT_BUNDLE_IDENTIFIER = dbelousov.cameras;
				PRODUCT_NAME = "$(TARGET_NAME)";
				SDKROOT = iphoneos;
				SWIFT_EMIT_LOC_STRINGS = YES;
				TARGETED_DEVICE_FAMILY = "1,2";
				VALIDATE_PRODUCT = YES;
			};
			name = Release;
		};
		9F12D1E0287B4694006306F6 /* Debug */ = {
			isa = XCBuildConfiguration;
			buildSettings = {
				ASSETCATALOG_COMPILER_APPICON_NAME = AppIcon;
				ASSETCATALOG_COMPILER_GLOBAL_ACCENT_COLOR_NAME = AccentColor;
				CLANG_CXX_LANGUAGE_STANDARD = "gnu++17";
				CODE_SIGN_STYLE = Automatic;
				CURRENT_PROJECT_VERSION = 1;
				DEVELOPMENT_TEAM = H2VL2PJ39X;
				GENERATE_INFOPLIST_FILE = YES;
				HEADER_SEARCH_PATHS = (
					"/opt/metal/metal-cpp",
					/opt/glm,
					/opt/homebrew/Cellar/boost/1.79.0/include,
				);
				INFOPLIST_FILE = "metal-cpp-projects/fragments/Info.plist";
				INFOPLIST_KEY_UIApplicationSupportsIndirectInputEvents = YES;
				INFOPLIST_KEY_UILaunchStoryboardName = LaunchScreen;
				INFOPLIST_KEY_UIMainStoryboardFile = Main;
				INFOPLIST_KEY_UISupportedInterfaceOrientations_iPad = "UIInterfaceOrientationPortrait UIInterfaceOrientationPortraitUpsideDown UIInterfaceOrientationLandscapeLeft UIInterfaceOrientationLandscapeRight";
				INFOPLIST_KEY_UISupportedInterfaceOrientations_iPhone = "UIInterfaceOrientationPortrait UIInterfaceOrientationLandscapeLeft UIInterfaceOrientationLandscapeRight";
				IPHONEOS_DEPLOYMENT_TARGET = 15.5;
				LD_RUNPATH_SEARCH_PATHS = (
					"$(inherited)",
					"@executable_path/Frameworks",
				);
				LIBRARY_SEARCH_PATHS = (
					"$(inherited)",
					/opt/homebrew/Cellar/boost/1.79.0/lib,
				);
				MARKETING_VERSION = 1.0;
				PRODUCT_BUNDLE_IDENTIFIER = dbelousov.fragments;
				PRODUCT_NAME = "$(TARGET_NAME)";
				SDKROOT = iphoneos;
				SWIFT_EMIT_LOC_STRINGS = YES;
				TARGETED_DEVICE_FAMILY = "1,2";
			};
			name = Debug;
		};
		9F12D1E1287B4694006306F6 /* Release */ = {
			isa = XCBuildConfiguration;
			buildSettings = {
				ASSETCATALOG_COMPILER_APPICON_NAME = AppIcon;
				ASSETCATALOG_COMPILER_GLOBAL_ACCENT_COLOR_NAME = AccentColor;
				CLANG_CXX_LANGUAGE_STANDARD = "gnu++17";
				CODE_SIGN_STYLE = Automatic;
				CURRENT_PROJECT_VERSION = 1;
				DEVELOPMENT_TEAM = H2VL2PJ39X;
				GENERATE_INFOPLIST_FILE = YES;
				HEADER_SEARCH_PATHS = (
					"/opt/metal/metal-cpp",
					/opt/glm,
					/opt/homebrew/Cellar/boost/1.79.0/include,
				);
				INFOPLIST_FILE = "metal-cpp-projects/fragments/Info.plist";
				INFOPLIST_KEY_UIApplicationSupportsIndirectInputEvents = YES;
				INFOPLIST_KEY_UILaunchStoryboardName = LaunchScreen;
				INFOPLIST_KEY_UIMainStoryboardFile = Main;
				INFOPLIST_KEY_UISupportedInterfaceOrientations_iPad = "UIInterfaceOrientationPortrait UIInterfaceOrientationPortraitUpsideDown UIInterfaceOrientationLandscapeLeft UIInterfaceOrientationLandscapeRight";
				INFOPLIST_KEY_UISupportedInterfaceOrientations_iPhone = "UIInterfaceOrientationPortrait UIInterfaceOrientationLandscapeLeft UIInterfaceOrientationLandscapeRight";
				IPHONEOS_DEPLOYMENT_TARGET = 15.5;
				LD_RUNPATH_SEARCH_PATHS = (
					"$(inherited)",
					"@executable_path/Frameworks",
				);
				LIBRARY_SEARCH_PATHS = (
					"$(inherited)",
					/opt/homebrew/Cellar/boost/1.79.0/lib,
				);
				MARKETING_VERSION = 1.0;
				PRODUCT_BUNDLE_IDENTIFIER = dbelousov.fragments;
				PRODUCT_NAME = "$(TARGET_NAME)";
				SDKROOT = iphoneos;
				SWIFT_EMIT_LOC_STRINGS = YES;
				TARGETED_DEVICE_FAMILY = "1,2";
				VALIDATE_PRODUCT = YES;
			};
			name = Release;
		};
		9F3F67BB288DDBD70057DE5F /* Debug */ = {
			isa = XCBuildConfiguration;
			buildSettings = {
				ASSETCATALOG_COMPILER_APPICON_NAME = AppIcon;
				ASSETCATALOG_COMPILER_GLOBAL_ACCENT_COLOR_NAME = AccentColor;
				CLANG_CXX_LANGUAGE_STANDARD = "gnu++17";
				CODE_SIGN_STYLE = Automatic;
				CURRENT_PROJECT_VERSION = 1;
				DEVELOPMENT_TEAM = H2VL2PJ39X;
				GENERATE_INFOPLIST_FILE = YES;
				INFOPLIST_FILE = "metal-cpp-projects/moving-isometric-camera/Info.plist";
				INFOPLIST_KEY_UIApplicationSupportsIndirectInputEvents = YES;
				INFOPLIST_KEY_UILaunchStoryboardName = LaunchScreen;
				INFOPLIST_KEY_UIMainStoryboardFile = Main;
				INFOPLIST_KEY_UISupportedInterfaceOrientations = UIInterfaceOrientationLandscapeLeft;
				INFOPLIST_KEY_UISupportedInterfaceOrientations_iPad = UIInterfaceOrientationLandscapeLeft;
				INFOPLIST_KEY_UISupportedInterfaceOrientations_iPhone = UIInterfaceOrientationLandscapeLeft;
				IPHONEOS_DEPLOYMENT_TARGET = 15.5;
				LD_RUNPATH_SEARCH_PATHS = (
					"$(inherited)",
					"@executable_path/Frameworks",
				);
				MARKETING_VERSION = 1.0;
				PRODUCT_BUNDLE_IDENTIFIER = "dbelousov.moving-isometric-camera";
				PRODUCT_NAME = "$(TARGET_NAME)";
				SDKROOT = iphoneos;
				SWIFT_EMIT_LOC_STRINGS = YES;
				TARGETED_DEVICE_FAMILY = "1,2";
			};
			name = Debug;
		};
		9F3F67BC288DDBD70057DE5F /* Release */ = {
			isa = XCBuildConfiguration;
			buildSettings = {
				ASSETCATALOG_COMPILER_APPICON_NAME = AppIcon;
				ASSETCATALOG_COMPILER_GLOBAL_ACCENT_COLOR_NAME = AccentColor;
				CLANG_CXX_LANGUAGE_STANDARD = "gnu++17";
				CODE_SIGN_STYLE = Automatic;
				CURRENT_PROJECT_VERSION = 1;
				DEVELOPMENT_TEAM = H2VL2PJ39X;
				GENERATE_INFOPLIST_FILE = YES;
				INFOPLIST_FILE = "metal-cpp-projects/moving-isometric-camera/Info.plist";
				INFOPLIST_KEY_UIApplicationSupportsIndirectInputEvents = YES;
				INFOPLIST_KEY_UILaunchStoryboardName = LaunchScreen;
				INFOPLIST_KEY_UIMainStoryboardFile = Main;
				INFOPLIST_KEY_UISupportedInterfaceOrientations = UIInterfaceOrientationLandscapeLeft;
				INFOPLIST_KEY_UISupportedInterfaceOrientations_iPad = UIInterfaceOrientationLandscapeLeft;
				INFOPLIST_KEY_UISupportedInterfaceOrientations_iPhone = UIInterfaceOrientationLandscapeLeft;
				IPHONEOS_DEPLOYMENT_TARGET = 15.5;
				LD_RUNPATH_SEARCH_PATHS = (
					"$(inherited)",
					"@executable_path/Frameworks",
				);
				MARKETING_VERSION = 1.0;
				PRODUCT_BUNDLE_IDENTIFIER = "dbelousov.moving-isometric-camera";
				PRODUCT_NAME = "$(TARGET_NAME)";
				SDKROOT = iphoneos;
				SWIFT_EMIT_LOC_STRINGS = YES;
				TARGETED_DEVICE_FAMILY = "1,2";
				VALIDATE_PRODUCT = YES;
			};
			name = Release;
		};
		9F831525286FC83500B6FCDF /* Debug */ = {
			isa = XCBuildConfiguration;
			buildSettings = {
				CODE_SIGN_STYLE = Automatic;
				DEVELOPMENT_TEAM = H2VL2PJ39X;
				PRODUCT_NAME = "$(TARGET_NAME)";
			};
			name = Debug;
		};
		9F831526286FC83500B6FCDF /* Release */ = {
			isa = XCBuildConfiguration;
			buildSettings = {
				CODE_SIGN_STYLE = Automatic;
				DEVELOPMENT_TEAM = H2VL2PJ39X;
				PRODUCT_NAME = "$(TARGET_NAME)";
			};
			name = Release;
		};
		9F831560287208A500B6FCDF /* Debug */ = {
			isa = XCBuildConfiguration;
			buildSettings = {
				ASSETCATALOG_COMPILER_APPICON_NAME = AppIcon;
				ASSETCATALOG_COMPILER_GLOBAL_ACCENT_COLOR_NAME = AccentColor;
				CLANG_CXX_LANGUAGE_STANDARD = "gnu++17";
				CODE_SIGN_STYLE = Automatic;
				CURRENT_PROJECT_VERSION = 1;
				DEVELOPMENT_TEAM = H2VL2PJ39X;
				GENERATE_INFOPLIST_FILE = YES;
				HEADER_SEARCH_PATHS = (
					"/opt/metal/metal-cpp",
					/opt/glm,
				);
				INFOPLIST_FILE = "metal-cpp-projects/2d-transformations/Info.plist";
				INFOPLIST_KEY_UIApplicationSupportsIndirectInputEvents = YES;
				INFOPLIST_KEY_UILaunchStoryboardName = LaunchScreen;
				INFOPLIST_KEY_UIMainStoryboardFile = Main;
				INFOPLIST_KEY_UISupportedInterfaceOrientations_iPad = "UIInterfaceOrientationPortrait UIInterfaceOrientationPortraitUpsideDown UIInterfaceOrientationLandscapeLeft UIInterfaceOrientationLandscapeRight";
				INFOPLIST_KEY_UISupportedInterfaceOrientations_iPhone = "UIInterfaceOrientationPortrait UIInterfaceOrientationLandscapeLeft UIInterfaceOrientationLandscapeRight";
				IPHONEOS_DEPLOYMENT_TARGET = 15.5;
				LD_RUNPATH_SEARCH_PATHS = (
					"$(inherited)",
					"@executable_path/Frameworks",
				);
				MARKETING_VERSION = 1.0;
				PRODUCT_BUNDLE_IDENTIFIER = "dbelousov.-d-transformations";
				PRODUCT_NAME = "$(TARGET_NAME)";
				SDKROOT = iphoneos;
				SWIFT_EMIT_LOC_STRINGS = YES;
				TARGETED_DEVICE_FAMILY = "1,2";
			};
			name = Debug;
		};
		9F831561287208A500B6FCDF /* Release */ = {
			isa = XCBuildConfiguration;
			buildSettings = {
				ASSETCATALOG_COMPILER_APPICON_NAME = AppIcon;
				ASSETCATALOG_COMPILER_GLOBAL_ACCENT_COLOR_NAME = AccentColor;
				CLANG_CXX_LANGUAGE_STANDARD = "gnu++17";
				CODE_SIGN_STYLE = Automatic;
				CURRENT_PROJECT_VERSION = 1;
				DEVELOPMENT_TEAM = H2VL2PJ39X;
				GENERATE_INFOPLIST_FILE = YES;
				HEADER_SEARCH_PATHS = (
					"/opt/metal/metal-cpp",
					/opt/glm,
				);
				INFOPLIST_FILE = "metal-cpp-projects/2d-transformations/Info.plist";
				INFOPLIST_KEY_UIApplicationSupportsIndirectInputEvents = YES;
				INFOPLIST_KEY_UILaunchStoryboardName = LaunchScreen;
				INFOPLIST_KEY_UIMainStoryboardFile = Main;
				INFOPLIST_KEY_UISupportedInterfaceOrientations_iPad = "UIInterfaceOrientationPortrait UIInterfaceOrientationPortraitUpsideDown UIInterfaceOrientationLandscapeLeft UIInterfaceOrientationLandscapeRight";
				INFOPLIST_KEY_UISupportedInterfaceOrientations_iPhone = "UIInterfaceOrientationPortrait UIInterfaceOrientationLandscapeLeft UIInterfaceOrientationLandscapeRight";
				IPHONEOS_DEPLOYMENT_TARGET = 15.5;
				LD_RUNPATH_SEARCH_PATHS = (
					"$(inherited)",
					"@executable_path/Frameworks",
				);
				MARKETING_VERSION = 1.0;
				PRODUCT_BUNDLE_IDENTIFIER = "dbelousov.-d-transformations";
				PRODUCT_NAME = "$(TARGET_NAME)";
				SDKROOT = iphoneos;
				SWIFT_EMIT_LOC_STRINGS = YES;
				TARGETED_DEVICE_FAMILY = "1,2";
				VALIDATE_PRODUCT = YES;
			};
			name = Release;
		};
		9FABA024286C064300B5630A /* Debug */ = {
			isa = XCBuildConfiguration;
			buildSettings = {
				ALWAYS_SEARCH_USER_PATHS = NO;
				CLANG_ANALYZER_NONNULL = YES;
				CLANG_ANALYZER_NUMBER_OBJECT_CONVERSION = YES_AGGRESSIVE;
				CLANG_CXX_LANGUAGE_STANDARD = "c++17";
				CLANG_CXX_LIBRARY = "libc++";
				CLANG_ENABLE_MODULES = YES;
				CLANG_ENABLE_OBJC_ARC = YES;
				CLANG_ENABLE_OBJC_WEAK = YES;
				CLANG_WARN_BLOCK_CAPTURE_AUTORELEASING = YES;
				CLANG_WARN_BOOL_CONVERSION = YES;
				CLANG_WARN_COMMA = YES;
				CLANG_WARN_CONSTANT_CONVERSION = YES;
				CLANG_WARN_DEPRECATED_OBJC_IMPLEMENTATIONS = YES;
				CLANG_WARN_DIRECT_OBJC_ISA_USAGE = YES_ERROR;
				CLANG_WARN_DOCUMENTATION_COMMENTS = YES;
				CLANG_WARN_EMPTY_BODY = YES;
				CLANG_WARN_ENUM_CONVERSION = YES;
				CLANG_WARN_INFINITE_RECURSION = YES;
				CLANG_WARN_INT_CONVERSION = YES;
				CLANG_WARN_NON_LITERAL_NULL_CONVERSION = YES;
				CLANG_WARN_OBJC_IMPLICIT_RETAIN_SELF = YES;
				CLANG_WARN_OBJC_LITERAL_CONVERSION = YES;
				CLANG_WARN_OBJC_ROOT_CLASS = YES_ERROR;
				CLANG_WARN_QUOTED_INCLUDE_IN_FRAMEWORK_HEADER = YES;
				CLANG_WARN_RANGE_LOOP_ANALYSIS = YES;
				CLANG_WARN_STRICT_PROTOTYPES = YES;
				CLANG_WARN_SUSPICIOUS_MOVE = YES;
				CLANG_WARN_UNGUARDED_AVAILABILITY = YES_AGGRESSIVE;
				CLANG_WARN_UNREACHABLE_CODE = YES;
				CLANG_WARN__DUPLICATE_METHOD_MATCH = YES;
				COPY_PHASE_STRIP = NO;
				DEBUG_INFORMATION_FORMAT = dwarf;
				ENABLE_STRICT_OBJC_MSGSEND = YES;
				ENABLE_TESTABILITY = YES;
				GCC_C_LANGUAGE_STANDARD = gnu11;
				GCC_DYNAMIC_NO_PIC = NO;
				GCC_NO_COMMON_BLOCKS = YES;
				GCC_OPTIMIZATION_LEVEL = 0;
				GCC_PREPROCESSOR_DEFINITIONS = (
					"DEBUG=1",
					"$(inherited)",
				);
				GCC_WARN_64_TO_32_BIT_CONVERSION = YES;
				GCC_WARN_ABOUT_RETURN_TYPE = YES_ERROR;
				GCC_WARN_UNDECLARED_SELECTOR = YES;
				GCC_WARN_UNINITIALIZED_AUTOS = YES_AGGRESSIVE;
				GCC_WARN_UNUSED_FUNCTION = YES;
				GCC_WARN_UNUSED_VARIABLE = YES;
				HEADER_SEARCH_PATHS = (
					/opt/glm,
					/opt/homebrew/Cellar/boost/1.79.0/include,
					"/opt/metal/metal-cpp",
				);
				MACOSX_DEPLOYMENT_TARGET = 12.3;
				MTL_ENABLE_DEBUG_INFO = INCLUDE_SOURCE;
				MTL_FAST_MATH = YES;
				ONLY_ACTIVE_ARCH = YES;
				SDKROOT = macosx;
			};
			name = Debug;
		};
		9FABA025286C064300B5630A /* Release */ = {
			isa = XCBuildConfiguration;
			buildSettings = {
				ALWAYS_SEARCH_USER_PATHS = NO;
				CLANG_ANALYZER_NONNULL = YES;
				CLANG_ANALYZER_NUMBER_OBJECT_CONVERSION = YES_AGGRESSIVE;
				CLANG_CXX_LANGUAGE_STANDARD = "c++17";
				CLANG_CXX_LIBRARY = "libc++";
				CLANG_ENABLE_MODULES = YES;
				CLANG_ENABLE_OBJC_ARC = YES;
				CLANG_ENABLE_OBJC_WEAK = YES;
				CLANG_WARN_BLOCK_CAPTURE_AUTORELEASING = YES;
				CLANG_WARN_BOOL_CONVERSION = YES;
				CLANG_WARN_COMMA = YES;
				CLANG_WARN_CONSTANT_CONVERSION = YES;
				CLANG_WARN_DEPRECATED_OBJC_IMPLEMENTATIONS = YES;
				CLANG_WARN_DIRECT_OBJC_ISA_USAGE = YES_ERROR;
				CLANG_WARN_DOCUMENTATION_COMMENTS = YES;
				CLANG_WARN_EMPTY_BODY = YES;
				CLANG_WARN_ENUM_CONVERSION = YES;
				CLANG_WARN_INFINITE_RECURSION = YES;
				CLANG_WARN_INT_CONVERSION = YES;
				CLANG_WARN_NON_LITERAL_NULL_CONVERSION = YES;
				CLANG_WARN_OBJC_IMPLICIT_RETAIN_SELF = YES;
				CLANG_WARN_OBJC_LITERAL_CONVERSION = YES;
				CLANG_WARN_OBJC_ROOT_CLASS = YES_ERROR;
				CLANG_WARN_QUOTED_INCLUDE_IN_FRAMEWORK_HEADER = YES;
				CLANG_WARN_RANGE_LOOP_ANALYSIS = YES;
				CLANG_WARN_STRICT_PROTOTYPES = YES;
				CLANG_WARN_SUSPICIOUS_MOVE = YES;
				CLANG_WARN_UNGUARDED_AVAILABILITY = YES_AGGRESSIVE;
				CLANG_WARN_UNREACHABLE_CODE = YES;
				CLANG_WARN__DUPLICATE_METHOD_MATCH = YES;
				COPY_PHASE_STRIP = NO;
				DEBUG_INFORMATION_FORMAT = "dwarf-with-dsym";
				ENABLE_NS_ASSERTIONS = NO;
				ENABLE_STRICT_OBJC_MSGSEND = YES;
				GCC_C_LANGUAGE_STANDARD = gnu11;
				GCC_NO_COMMON_BLOCKS = YES;
				GCC_WARN_64_TO_32_BIT_CONVERSION = YES;
				GCC_WARN_ABOUT_RETURN_TYPE = YES_ERROR;
				GCC_WARN_UNDECLARED_SELECTOR = YES;
				GCC_WARN_UNINITIALIZED_AUTOS = YES_AGGRESSIVE;
				GCC_WARN_UNUSED_FUNCTION = YES;
				GCC_WARN_UNUSED_VARIABLE = YES;
				HEADER_SEARCH_PATHS = (
					/opt/glm,
					/opt/homebrew/Cellar/boost/1.79.0/include,
					"/opt/metal/metal-cpp",
				);
				MACOSX_DEPLOYMENT_TARGET = 12.3;
				MTL_ENABLE_DEBUG_INFO = NO;
				MTL_FAST_MATH = YES;
				SDKROOT = macosx;
			};
			name = Release;
		};
		9FABA040286FBF1400B5630A /* Debug */ = {
			isa = XCBuildConfiguration;
			buildSettings = {
				ASSETCATALOG_COMPILER_APPICON_NAME = AppIcon;
				ASSETCATALOG_COMPILER_GLOBAL_ACCENT_COLOR_NAME = AccentColor;
				CODE_SIGN_ENTITLEMENTS = "metal-cpp-projects/triangle-with-animation/triangle_with_animation.entitlements";
				CODE_SIGN_STYLE = Automatic;
				COMBINE_HIDPI_IMAGES = YES;
				CURRENT_PROJECT_VERSION = 1;
				DEVELOPMENT_TEAM = H2VL2PJ39X;
				ENABLE_HARDENED_RUNTIME = YES;
				GENERATE_INFOPLIST_FILE = YES;
				HEADER_SEARCH_PATHS = (
					"/opt/metal/metal-cpp",
					/opt/glm,
					/opt/homebrew/Cellar/boost/1.79.0/include,
				);
				INFOPLIST_KEY_NSHumanReadableCopyright = "";
				INFOPLIST_KEY_NSMainStoryboardFile = Main;
				INFOPLIST_KEY_NSPrincipalClass = NSApplication;
				LD_RUNPATH_SEARCH_PATHS = (
					"$(inherited)",
					"@executable_path/../Frameworks",
				);
				MARKETING_VERSION = 1.0;
				PRODUCT_BUNDLE_IDENTIFIER = "dbelousov.triangle-with-animation";
				PRODUCT_NAME = "$(TARGET_NAME)";
				SWIFT_EMIT_LOC_STRINGS = YES;
			};
			name = Debug;
		};
		9FABA041286FBF1400B5630A /* Release */ = {
			isa = XCBuildConfiguration;
			buildSettings = {
				ASSETCATALOG_COMPILER_APPICON_NAME = AppIcon;
				ASSETCATALOG_COMPILER_GLOBAL_ACCENT_COLOR_NAME = AccentColor;
				CODE_SIGN_ENTITLEMENTS = "metal-cpp-projects/triangle-with-animation/triangle_with_animation.entitlements";
				CODE_SIGN_STYLE = Automatic;
				COMBINE_HIDPI_IMAGES = YES;
				CURRENT_PROJECT_VERSION = 1;
				DEVELOPMENT_TEAM = H2VL2PJ39X;
				ENABLE_HARDENED_RUNTIME = YES;
				GENERATE_INFOPLIST_FILE = YES;
				HEADER_SEARCH_PATHS = (
					"/opt/metal/metal-cpp",
					/opt/glm,
					/opt/homebrew/Cellar/boost/1.79.0/include,
				);
				INFOPLIST_KEY_NSHumanReadableCopyright = "";
				INFOPLIST_KEY_NSMainStoryboardFile = Main;
				INFOPLIST_KEY_NSPrincipalClass = NSApplication;
				LD_RUNPATH_SEARCH_PATHS = (
					"$(inherited)",
					"@executable_path/../Frameworks",
				);
				MARKETING_VERSION = 1.0;
				PRODUCT_BUNDLE_IDENTIFIER = "dbelousov.triangle-with-animation";
				PRODUCT_NAME = "$(TARGET_NAME)";
				SWIFT_EMIT_LOC_STRINGS = YES;
			};
			name = Release;
		};
/* End XCBuildConfiguration section */

/* Begin XCConfigurationList section */
		9F12D141287229F4006306F6 /* Build configuration list for PBXNativeTarget "cameras" */ = {
			isa = XCConfigurationList;
			buildConfigurations = (
				9F12D142287229F4006306F6 /* Debug */,
				9F12D143287229F4006306F6 /* Release */,
			);
			defaultConfigurationIsVisible = 0;
			defaultConfigurationName = Release;
		};
		9F12D1DF287B4694006306F6 /* Build configuration list for PBXNativeTarget "fragments" */ = {
			isa = XCConfigurationList;
			buildConfigurations = (
				9F12D1E0287B4694006306F6 /* Debug */,
				9F12D1E1287B4694006306F6 /* Release */,
			);
			defaultConfigurationIsVisible = 0;
			defaultConfigurationName = Release;
		};
		9F3F67BA288DDBD70057DE5F /* Build configuration list for PBXNativeTarget "moving-isometric-camera" */ = {
			isa = XCConfigurationList;
			buildConfigurations = (
				9F3F67BB288DDBD70057DE5F /* Debug */,
				9F3F67BC288DDBD70057DE5F /* Release */,
			);
			defaultConfigurationIsVisible = 0;
			defaultConfigurationName = Release;
		};
		9F831524286FC83500B6FCDF /* Build configuration list for PBXAggregateTarget "metal-cpp-projects" */ = {
			isa = XCConfigurationList;
			buildConfigurations = (
				9F831525286FC83500B6FCDF /* Debug */,
				9F831526286FC83500B6FCDF /* Release */,
			);
			defaultConfigurationIsVisible = 0;
			defaultConfigurationName = Release;
		};
		9F83155F287208A500B6FCDF /* Build configuration list for PBXNativeTarget "2d-transformations" */ = {
			isa = XCConfigurationList;
			buildConfigurations = (
				9F831560287208A500B6FCDF /* Debug */,
				9F831561287208A500B6FCDF /* Release */,
			);
			defaultConfigurationIsVisible = 0;
			defaultConfigurationName = Release;
		};
		9FABA00E286C064300B5630A /* Build configuration list for PBXProject "metal-cpp-projects" */ = {
			isa = XCConfigurationList;
			buildConfigurations = (
				9FABA024286C064300B5630A /* Debug */,
				9FABA025286C064300B5630A /* Release */,
			);
			defaultConfigurationIsVisible = 0;
			defaultConfigurationName = Release;
		};
		9FABA03F286FBF1400B5630A /* Build configuration list for PBXNativeTarget "triangle-with-animation" */ = {
			isa = XCConfigurationList;
			buildConfigurations = (
				9FABA040286FBF1400B5630A /* Debug */,
				9FABA041286FBF1400B5630A /* Release */,
			);
			defaultConfigurationIsVisible = 0;
			defaultConfigurationName = Release;
		};
/* End XCConfigurationList section */
	};
	rootObject = 9FABA00B286C064300B5630A /* Project object */;
}
